// !$*UTF8*$!
{
	archiveVersion = 1;
	classes = {
	};
	objectVersion = 51;
	objects = {

/* Begin PBXBuildFile section */
		B9C4CF30CAB392A7BAA7EAE3 /* libPods-XZQMusic.a in Frameworks */ = {isa = PBXBuildFile; fileRef = 3262D972049066D9EF1EA1CF /* libPods-XZQMusic.a */; };
		F0B00FD32464140D00C15D3D /* SingerListModel.m in Sources */ = {isa = PBXBuildFile; fileRef = F0B00FD22464140D00C15D3D /* SingerListModel.m */; };
		F0B00FD62464161600C15D3D /* UIImage+Expanded.m in Sources */ = {isa = PBXBuildFile; fileRef = F0B00FD52464161600C15D3D /* UIImage+Expanded.m */; };
		F0B00FD9246416D400C15D3D /* SingerListCell.m in Sources */ = {isa = PBXBuildFile; fileRef = F0B00FD8246416D400C15D3D /* SingerListCell.m */; };
		F0B0E10E2462878000E2FFC5 /* AppDelegate.m in Sources */ = {isa = PBXBuildFile; fileRef = F0B0E10D2462878000E2FFC5 /* AppDelegate.m */; };
		F0B0E1112462878000E2FFC5 /* SceneDelegate.m in Sources */ = {isa = PBXBuildFile; fileRef = F0B0E1102462878000E2FFC5 /* SceneDelegate.m */; };
		F0B0E1142462878000E2FFC5 /* ViewController.m in Sources */ = {isa = PBXBuildFile; fileRef = F0B0E1132462878000E2FFC5 /* ViewController.m */; };
		F0B0E1172462878000E2FFC5 /* Main.storyboard in Resources */ = {isa = PBXBuildFile; fileRef = F0B0E1152462878000E2FFC5 /* Main.storyboard */; };
		F0B0E1192462878B00E2FFC5 /* Assets.xcassets in Resources */ = {isa = PBXBuildFile; fileRef = F0B0E1182462878B00E2FFC5 /* Assets.xcassets */; };
		F0B0E11C2462878B00E2FFC5 /* LaunchScreen.storyboard in Resources */ = {isa = PBXBuildFile; fileRef = F0B0E11A2462878B00E2FFC5 /* LaunchScreen.storyboard */; };
		F0B0E11F2462878B00E2FFC5 /* main.m in Sources */ = {isa = PBXBuildFile; fileRef = F0B0E11E2462878B00E2FFC5 /* main.m */; };
		F0B0E1A924628C2300E2FFC5 /* UIImage+ZXTheme.m in Sources */ = {isa = PBXBuildFile; fileRef = F0B0E12A24628C2300E2FFC5 /* UIImage+ZXTheme.m */; };
		F0B0E1AA24628C2300E2FFC5 /* ZXPageControlTheme.m in Sources */ = {isa = PBXBuildFile; fileRef = F0B0E12E24628C2300E2FFC5 /* ZXPageControlTheme.m */; };
		F0B0E1AB24628C2300E2FFC5 /* UIPageControl+ZXTheme.m in Sources */ = {isa = PBXBuildFile; fileRef = F0B0E12F24628C2300E2FFC5 /* UIPageControl+ZXTheme.m */; };
		F0B0E1AC24628C2300E2FFC5 /* UISwitch+ZXTheme.m in Sources */ = {isa = PBXBuildFile; fileRef = F0B0E13224628C2300E2FFC5 /* UISwitch+ZXTheme.m */; };
		F0B0E1AD24628C2300E2FFC5 /* ZXSwitchTheme.m in Sources */ = {isa = PBXBuildFile; fileRef = F0B0E13424628C2300E2FFC5 /* ZXSwitchTheme.m */; };
		F0B0E1AE24628C2300E2FFC5 /* UIActivityIndicatorView+ZXTheme.m in Sources */ = {isa = PBXBuildFile; fileRef = F0B0E13824628C2300E2FFC5 /* UIActivityIndicatorView+ZXTheme.m */; };
		F0B0E1AF24628C2300E2FFC5 /* ZXActivityIndicatorViewTheme.m in Sources */ = {isa = PBXBuildFile; fileRef = F0B0E13924628C2300E2FFC5 /* ZXActivityIndicatorViewTheme.m */; };
		F0B0E1B024628C2300E2FFC5 /* UIStepper+ZXTheme.m in Sources */ = {isa = PBXBuildFile; fileRef = F0B0E13C24628C2300E2FFC5 /* UIStepper+ZXTheme.m */; };
		F0B0E1B124628C2300E2FFC5 /* ZXStepperTheme.m in Sources */ = {isa = PBXBuildFile; fileRef = F0B0E13D24628C2300E2FFC5 /* ZXStepperTheme.m */; };
		F0B0E1B224628C2300E2FFC5 /* ZXLabelTheme.m in Sources */ = {isa = PBXBuildFile; fileRef = F0B0E14024628C2300E2FFC5 /* ZXLabelTheme.m */; };
		F0B0E1B324628C2300E2FFC5 /* UILabel+ZXTheme.m in Sources */ = {isa = PBXBuildFile; fileRef = F0B0E14324628C2300E2FFC5 /* UILabel+ZXTheme.m */; };
		F0B0E1B424628C2300E2FFC5 /* ZXButtonTheme.m in Sources */ = {isa = PBXBuildFile; fileRef = F0B0E14624628C2300E2FFC5 /* ZXButtonTheme.m */; };
		F0B0E1B524628C2300E2FFC5 /* UIButton+ZXTheme.m in Sources */ = {isa = PBXBuildFile; fileRef = F0B0E14724628C2300E2FFC5 /* UIButton+ZXTheme.m */; };
		F0B0E1B624628C2300E2FFC5 /* ZXSegmentedControlTheme.m in Sources */ = {isa = PBXBuildFile; fileRef = F0B0E14C24628C2300E2FFC5 /* ZXSegmentedControlTheme.m */; };
		F0B0E1B724628C2300E2FFC5 /* UISegmentedControl+ZXTheme.m in Sources */ = {isa = PBXBuildFile; fileRef = F0B0E14E24628C2300E2FFC5 /* UISegmentedControl+ZXTheme.m */; };
		F0B0E1B824628C2300E2FFC5 /* UIView+ZXTheme.m in Sources */ = {isa = PBXBuildFile; fileRef = F0B0E15024628C2300E2FFC5 /* UIView+ZXTheme.m */; };
		F0B0E1B924628C2300E2FFC5 /* ZXViewTheme.m in Sources */ = {isa = PBXBuildFile; fileRef = F0B0E15324628C2300E2FFC5 /* ZXViewTheme.m */; };
		F0B0E1BA24628C2300E2FFC5 /* ZXTabBarItemTheme.m in Sources */ = {isa = PBXBuildFile; fileRef = F0B0E15524628C2300E2FFC5 /* ZXTabBarItemTheme.m */; };
		F0B0E1BB24628C2300E2FFC5 /* UITabBarItem+ZXTheme.m in Sources */ = {isa = PBXBuildFile; fileRef = F0B0E15824628C2300E2FFC5 /* UITabBarItem+ZXTheme.m */; };
		F0B0E1BC24628C2300E2FFC5 /* ZXTextViewTheme.m in Sources */ = {isa = PBXBuildFile; fileRef = F0B0E15B24628C2300E2FFC5 /* ZXTextViewTheme.m */; };
		F0B0E1BD24628C2300E2FFC5 /* UITextView+ZXTheme.m in Sources */ = {isa = PBXBuildFile; fileRef = F0B0E15C24628C2300E2FFC5 /* UITextView+ZXTheme.m */; };
		F0B0E1BE24628C2300E2FFC5 /* UICollectionView+ZXTheme.m in Sources */ = {isa = PBXBuildFile; fileRef = F0B0E16124628C2300E2FFC5 /* UICollectionView+ZXTheme.m */; };
		F0B0E1BF24628C2300E2FFC5 /* ZXCollectionViewTheme.m in Sources */ = {isa = PBXBuildFile; fileRef = F0B0E16224628C2300E2FFC5 /* ZXCollectionViewTheme.m */; };
		F0B0E1C024628C2300E2FFC5 /* UIBarButtonItem+ZXTheme.m in Sources */ = {isa = PBXBuildFile; fileRef = F0B0E16624628C2300E2FFC5 /* UIBarButtonItem+ZXTheme.m */; };
		F0B0E1C124628C2300E2FFC5 /* ZXBarButtonItemTheme.m in Sources */ = {isa = PBXBuildFile; fileRef = F0B0E16724628C2300E2FFC5 /* ZXBarButtonItemTheme.m */; };
		F0B0E1C224628C2300E2FFC5 /* ZXImageViewTheme.m in Sources */ = {isa = PBXBuildFile; fileRef = F0B0E16B24628C2300E2FFC5 /* ZXImageViewTheme.m */; };
		F0B0E1C324628C2300E2FFC5 /* UIImageView+ZXTheme.m in Sources */ = {isa = PBXBuildFile; fileRef = F0B0E16C24628C2300E2FFC5 /* UIImageView+ZXTheme.m */; };
		F0B0E1C424628C2300E2FFC5 /* UINavigationBar+ZXTheme.m in Sources */ = {isa = PBXBuildFile; fileRef = F0B0E16E24628C2300E2FFC5 /* UINavigationBar+ZXTheme.m */; };
		F0B0E1C524628C2300E2FFC5 /* ZXNavigationBarTheme.m in Sources */ = {isa = PBXBuildFile; fileRef = F0B0E16F24628C2300E2FFC5 /* ZXNavigationBarTheme.m */; };
		F0B0E1C624628C2300E2FFC5 /* UITableView+ZXTheme.m in Sources */ = {isa = PBXBuildFile; fileRef = F0B0E17524628C2300E2FFC5 /* UITableView+ZXTheme.m */; };
		F0B0E1C724628C2300E2FFC5 /* ZXTableViewTheme.m in Sources */ = {isa = PBXBuildFile; fileRef = F0B0E17624628C2300E2FFC5 /* ZXTableViewTheme.m */; };
		F0B0E1C824628C2300E2FFC5 /* ZXProgressViewTheme.m in Sources */ = {isa = PBXBuildFile; fileRef = F0B0E17924628C2300E2FFC5 /* ZXProgressViewTheme.m */; };
		F0B0E1C924628C2300E2FFC5 /* UIProgressView+ZXTheme.m in Sources */ = {isa = PBXBuildFile; fileRef = F0B0E17A24628C2300E2FFC5 /* UIProgressView+ZXTheme.m */; };
		F0B0E1CA24628C2300E2FFC5 /* ZXTheme.m in Sources */ = {isa = PBXBuildFile; fileRef = F0B0E17C24628C2300E2FFC5 /* ZXTheme.m */; };
		F0B0E1CB24628C2300E2FFC5 /* ZXTabBarTheme.m in Sources */ = {isa = PBXBuildFile; fileRef = F0B0E17F24628C2300E2FFC5 /* ZXTabBarTheme.m */; };
		F0B0E1CC24628C2300E2FFC5 /* UISlider+ZXTheme.m in Sources */ = {isa = PBXBuildFile; fileRef = F0B0E18224628C2300E2FFC5 /* UISlider+ZXTheme.m */; };
		F0B0E1CD24628C2300E2FFC5 /* ZXSliderTheme.m in Sources */ = {isa = PBXBuildFile; fileRef = F0B0E18324628C2300E2FFC5 /* ZXSliderTheme.m */; };
		F0B0E1CE24628C2300E2FFC5 /* UITextField+ZXTheme.m in Sources */ = {isa = PBXBuildFile; fileRef = F0B0E18824628C2300E2FFC5 /* UITextField+ZXTheme.m */; };
		F0B0E1CF24628C2300E2FFC5 /* ZXTextFieldTheme.m in Sources */ = {isa = PBXBuildFile; fileRef = F0B0E18924628C2300E2FFC5 /* ZXTextFieldTheme.m */; };
		F0B0E1D024628C2300E2FFC5 /* ZXThemeTool.m in Sources */ = {isa = PBXBuildFile; fileRef = F0B0E18C24628C2300E2FFC5 /* ZXThemeTool.m */; };
		F0B0E1D124628C2300E2FFC5 /* ZXThemeRuntime.m in Sources */ = {isa = PBXBuildFile; fileRef = F0B0E19224628C2300E2FFC5 /* ZXThemeRuntime.m */; };
		F0B0E1D224628C2300E2FFC5 /* ZXThemeCustomTool.m in Sources */ = {isa = PBXBuildFile; fileRef = F0B0E19624628C2300E2FFC5 /* ZXThemeCustomTool.m */; };
		F0B0E1D324628C2300E2FFC5 /* NSObject+ZXCustomTheme.m in Sources */ = {isa = PBXBuildFile; fileRef = F0B0E19724628C2300E2FFC5 /* NSObject+ZXCustomTheme.m */; };
		F0B0E1D424628C2300E2FFC5 /* UIViewController+HideBackItemText.m in Sources */ = {isa = PBXBuildFile; fileRef = F0B0E19A24628C2300E2FFC5 /* UIViewController+HideBackItemText.m */; };
		F0B0E1D524628C2300E2FFC5 /* UITableView+XZQReload.m in Sources */ = {isa = PBXBuildFile; fileRef = F0B0E19E24628C2300E2FFC5 /* UITableView+XZQReload.m */; };
		F0B0E1D624628C2300E2FFC5 /* NSError+XZQError.m in Sources */ = {isa = PBXBuildFile; fileRef = F0B0E19F24628C2300E2FFC5 /* NSError+XZQError.m */; };
		F0B0E1D724628C2300E2FFC5 /* XZQErrorView.m in Sources */ = {isa = PBXBuildFile; fileRef = F0B0E1A224628C2300E2FFC5 /* XZQErrorView.m */; };
		F0B0E1D824628C2300E2FFC5 /* NetworkTool.m in Sources */ = {isa = PBXBuildFile; fileRef = F0B0E1A324628C2300E2FFC5 /* NetworkTool.m */; };
		F0B0E1D924628C2300E2FFC5 /* CommonUtils.m in Sources */ = {isa = PBXBuildFile; fileRef = F0B0E1A724628C2300E2FFC5 /* CommonUtils.m */; };
		F0B0E1DD246294CF00E2FFC5 /* README.md in Resources */ = {isa = PBXBuildFile; fileRef = F0B0E1DC246294CF00E2FFC5 /* README.md */; };
		F0B0E1E2246299F200E2FFC5 /* TopBannerModel.m in Sources */ = {isa = PBXBuildFile; fileRef = F0B0E1E1246299F200E2FFC5 /* TopBannerModel.m */; };
		F0B0E1E524629DA200E2FFC5 /* DiscListModel.m in Sources */ = {isa = PBXBuildFile; fileRef = F0B0E1E424629DA200E2FFC5 /* DiscListModel.m */; };
		F0B0E1E92462A30500E2FFC5 /* SwitchHeaderView.m in Sources */ = {isa = PBXBuildFile; fileRef = F0B0E1E82462A30500E2FFC5 /* SwitchHeaderView.m */; };
		F0B0E1EC2462A59700E2FFC5 /* UIColor+Expanded.m in Sources */ = {isa = PBXBuildFile; fileRef = F0B0E1EB2462A59700E2FFC5 /* UIColor+Expanded.m */; };
		F0B0E1F62462AF2600E2FFC5 /* RecommendController.m in Sources */ = {isa = PBXBuildFile; fileRef = F0B0E1F52462AF2600E2FFC5 /* RecommendController.m */; };
		F0B0E1F92462B00300E2FFC5 /* SingerController.m in Sources */ = {isa = PBXBuildFile; fileRef = F0B0E1F82462B00300E2FFC5 /* SingerController.m */; };
		F0B0E1FC2462B01C00E2FFC5 /* RankController.m in Sources */ = {isa = PBXBuildFile; fileRef = F0B0E1FB2462B01C00E2FFC5 /* RankController.m */; };
		F0B0E1FF2462B03100E2FFC5 /* SearchController.m in Sources */ = {isa = PBXBuildFile; fileRef = F0B0E1FE2462B03100E2FFC5 /* SearchController.m */; };
		F0C81CBF2463E3E700244FBD /* RecommendHeaderView.m in Sources */ = {isa = PBXBuildFile; fileRef = F0C81CBE2463E3E700244FBD /* RecommendHeaderView.m */; };
		F0C81CC22463F48E00244FBD /* RecommendListCell.m in Sources */ = {isa = PBXBuildFile; fileRef = F0C81CC12463F48E00244FBD /* RecommendListCell.m */; };
		F0C81CC72464008100244FBD /* RankListModel.m in Sources */ = {isa = PBXBuildFile; fileRef = F0C81CC62464008100244FBD /* RankListModel.m */; };
		F0C81CCA246404D900244FBD /* RankListCell.m in Sources */ = {isa = PBXBuildFile; fileRef = F0C81CC9246404D900244FBD /* RankListCell.m */; };
		F0CDAA23246926300043EB31 /* SearchResultCell.m in Sources */ = {isa = PBXBuildFile; fileRef = F0CDAA22246926300043EB31 /* SearchResultCell.m */; };
		F0CDAA26246942470043EB31 /* QQMusicModel.m in Sources */ = {isa = PBXBuildFile; fileRef = F0CDAA25246942470043EB31 /* QQMusicModel.m */; };
		F0D20FF0246697CE00F22A52 /* HistorySearchCell.m in Sources */ = {isa = PBXBuildFile; fileRef = F0D20FEF246697CE00F22A52 /* HistorySearchCell.m */; };
		F0D8DC40246527F400999AA9 /* XZQIndexView.m in Sources */ = {isa = PBXBuildFile; fileRef = F0D8DC3F246527F400999AA9 /* XZQIndexView.m */; };
		F0D8DC4324652BF800999AA9 /* XZQSectionIndicatorView.m in Sources */ = {isa = PBXBuildFile; fileRef = F0D8DC4224652BF800999AA9 /* XZQSectionIndicatorView.m */; };
		F0D8DC47246551B700999AA9 /* XZQSingleton.m in Sources */ = {isa = PBXBuildFile; fileRef = F0D8DC46246551B700999AA9 /* XZQSingleton.m */; };
		F0D8DC4B24655D9E00999AA9 /* HotSearchModel.m in Sources */ = {isa = PBXBuildFile; fileRef = F0D8DC4A24655D9E00999AA9 /* HotSearchModel.m */; };
		F0D8DC50246568D400999AA9 /* XZQHotTag.m in Sources */ = {isa = PBXBuildFile; fileRef = F0D8DC4F246568D400999AA9 /* XZQHotTag.m */; };
		F0D8DC5324656AAB00999AA9 /* XZQHotTagView.m in Sources */ = {isa = PBXBuildFile; fileRef = F0D8DC5224656AAB00999AA9 /* XZQHotTagView.m */; };
		F0D8DC5624656D1600999AA9 /* XZQHotTagButton.m in Sources */ = {isa = PBXBuildFile; fileRef = F0D8DC5524656D1600999AA9 /* XZQHotTagButton.m */; };
/* End PBXBuildFile section */

/* Begin PBXFileReference section */
		0831805EC99AC6D2FC626227 /* Pods-XZQMusic.debug.xcconfig */ = {isa = PBXFileReference; includeInIndex = 1; lastKnownFileType = text.xcconfig; name = "Pods-XZQMusic.debug.xcconfig"; path = "Target Support Files/Pods-XZQMusic/Pods-XZQMusic.debug.xcconfig"; sourceTree = "<group>"; };
		1819C1ED2214849D91B506EE /* Pods-XZQMusic.release.xcconfig */ = {isa = PBXFileReference; includeInIndex = 1; lastKnownFileType = text.xcconfig; name = "Pods-XZQMusic.release.xcconfig"; path = "Target Support Files/Pods-XZQMusic/Pods-XZQMusic.release.xcconfig"; sourceTree = "<group>"; };
		3262D972049066D9EF1EA1CF /* libPods-XZQMusic.a */ = {isa = PBXFileReference; explicitFileType = archive.ar; includeInIndex = 0; path = "libPods-XZQMusic.a"; sourceTree = BUILT_PRODUCTS_DIR; };
		F0B00FD12464140D00C15D3D /* SingerListModel.h */ = {isa = PBXFileReference; lastKnownFileType = sourcecode.c.h; path = SingerListModel.h; sourceTree = "<group>"; };
		F0B00FD22464140D00C15D3D /* SingerListModel.m */ = {isa = PBXFileReference; lastKnownFileType = sourcecode.c.objc; path = SingerListModel.m; sourceTree = "<group>"; };
		F0B00FD42464161600C15D3D /* UIImage+Expanded.h */ = {isa = PBXFileReference; lastKnownFileType = sourcecode.c.h; path = "UIImage+Expanded.h"; sourceTree = "<group>"; };
		F0B00FD52464161600C15D3D /* UIImage+Expanded.m */ = {isa = PBXFileReference; lastKnownFileType = sourcecode.c.objc; path = "UIImage+Expanded.m"; sourceTree = "<group>"; };
		F0B00FD7246416D400C15D3D /* SingerListCell.h */ = {isa = PBXFileReference; lastKnownFileType = sourcecode.c.h; name = SingerListCell.h; path = ../SingerListCell.h; sourceTree = "<group>"; };
		F0B00FD8246416D400C15D3D /* SingerListCell.m */ = {isa = PBXFileReference; lastKnownFileType = sourcecode.c.objc; name = SingerListCell.m; path = ../SingerListCell.m; sourceTree = "<group>"; };
		F0B0E1092462878000E2FFC5 /* XZQ音乐.app */ = {isa = PBXFileReference; explicitFileType = wrapper.application; includeInIndex = 0; path = "XZQ音乐.app"; sourceTree = BUILT_PRODUCTS_DIR; };
		F0B0E10C2462878000E2FFC5 /* AppDelegate.h */ = {isa = PBXFileReference; lastKnownFileType = sourcecode.c.h; path = AppDelegate.h; sourceTree = "<group>"; };
		F0B0E10D2462878000E2FFC5 /* AppDelegate.m */ = {isa = PBXFileReference; lastKnownFileType = sourcecode.c.objc; path = AppDelegate.m; sourceTree = "<group>"; };
		F0B0E10F2462878000E2FFC5 /* SceneDelegate.h */ = {isa = PBXFileReference; lastKnownFileType = sourcecode.c.h; path = SceneDelegate.h; sourceTree = "<group>"; };
		F0B0E1102462878000E2FFC5 /* SceneDelegate.m */ = {isa = PBXFileReference; lastKnownFileType = sourcecode.c.objc; path = SceneDelegate.m; sourceTree = "<group>"; };
		F0B0E1122462878000E2FFC5 /* ViewController.h */ = {isa = PBXFileReference; lastKnownFileType = sourcecode.c.h; path = ViewController.h; sourceTree = "<group>"; };
		F0B0E1132462878000E2FFC5 /* ViewController.m */ = {isa = PBXFileReference; lastKnownFileType = sourcecode.c.objc; path = ViewController.m; sourceTree = "<group>"; };
		F0B0E1162462878000E2FFC5 /* Base */ = {isa = PBXFileReference; lastKnownFileType = file.storyboard; name = Base; path = Base.lproj/Main.storyboard; sourceTree = "<group>"; };
		F0B0E1182462878B00E2FFC5 /* Assets.xcassets */ = {isa = PBXFileReference; lastKnownFileType = folder.assetcatalog; path = Assets.xcassets; sourceTree = "<group>"; };
		F0B0E11B2462878B00E2FFC5 /* Base */ = {isa = PBXFileReference; lastKnownFileType = file.storyboard; name = Base; path = Base.lproj/LaunchScreen.storyboard; sourceTree = "<group>"; };
		F0B0E11D2462878B00E2FFC5 /* Info.plist */ = {isa = PBXFileReference; lastKnownFileType = text.plist.xml; path = Info.plist; sourceTree = "<group>"; };
		F0B0E11E2462878B00E2FFC5 /* main.m */ = {isa = PBXFileReference; lastKnownFileType = sourcecode.c.objc; path = main.m; sourceTree = "<group>"; };
		F0B0E12924628C2300E2FFC5 /* UIImage+ZXTheme.h */ = {isa = PBXFileReference; fileEncoding = 4; lastKnownFileType = sourcecode.c.h; path = "UIImage+ZXTheme.h"; sourceTree = "<group>"; };
		F0B0E12A24628C2300E2FFC5 /* UIImage+ZXTheme.m */ = {isa = PBXFileReference; fileEncoding = 4; lastKnownFileType = sourcecode.c.objc; path = "UIImage+ZXTheme.m"; sourceTree = "<group>"; };
		F0B0E12C24628C2300E2FFC5 /* ZXPageControlTheme.h */ = {isa = PBXFileReference; fileEncoding = 4; lastKnownFileType = sourcecode.c.h; path = ZXPageControlTheme.h; sourceTree = "<group>"; };
		F0B0E12D24628C2300E2FFC5 /* UIPageControl+ZXTheme.h */ = {isa = PBXFileReference; fileEncoding = 4; lastKnownFileType = sourcecode.c.h; path = "UIPageControl+ZXTheme.h"; sourceTree = "<group>"; };
		F0B0E12E24628C2300E2FFC5 /* ZXPageControlTheme.m */ = {isa = PBXFileReference; fileEncoding = 4; lastKnownFileType = sourcecode.c.objc; path = ZXPageControlTheme.m; sourceTree = "<group>"; };
		F0B0E12F24628C2300E2FFC5 /* UIPageControl+ZXTheme.m */ = {isa = PBXFileReference; fileEncoding = 4; lastKnownFileType = sourcecode.c.objc; path = "UIPageControl+ZXTheme.m"; sourceTree = "<group>"; };
		F0B0E13124628C2300E2FFC5 /* ZXSwitchTheme.h */ = {isa = PBXFileReference; fileEncoding = 4; lastKnownFileType = sourcecode.c.h; path = ZXSwitchTheme.h; sourceTree = "<group>"; };
		F0B0E13224628C2300E2FFC5 /* UISwitch+ZXTheme.m */ = {isa = PBXFileReference; fileEncoding = 4; lastKnownFileType = sourcecode.c.objc; path = "UISwitch+ZXTheme.m"; sourceTree = "<group>"; };
		F0B0E13324628C2300E2FFC5 /* UISwitch+ZXTheme.h */ = {isa = PBXFileReference; fileEncoding = 4; lastKnownFileType = sourcecode.c.h; path = "UISwitch+ZXTheme.h"; sourceTree = "<group>"; };
		F0B0E13424628C2300E2FFC5 /* ZXSwitchTheme.m */ = {isa = PBXFileReference; fileEncoding = 4; lastKnownFileType = sourcecode.c.objc; path = ZXSwitchTheme.m; sourceTree = "<group>"; };
		F0B0E13624628C2300E2FFC5 /* UIActivityIndicatorView+ZXTheme.h */ = {isa = PBXFileReference; fileEncoding = 4; lastKnownFileType = sourcecode.c.h; path = "UIActivityIndicatorView+ZXTheme.h"; sourceTree = "<group>"; };
		F0B0E13724628C2300E2FFC5 /* ZXActivityIndicatorViewTheme.h */ = {isa = PBXFileReference; fileEncoding = 4; lastKnownFileType = sourcecode.c.h; path = ZXActivityIndicatorViewTheme.h; sourceTree = "<group>"; };
		F0B0E13824628C2300E2FFC5 /* UIActivityIndicatorView+ZXTheme.m */ = {isa = PBXFileReference; fileEncoding = 4; lastKnownFileType = sourcecode.c.objc; path = "UIActivityIndicatorView+ZXTheme.m"; sourceTree = "<group>"; };
		F0B0E13924628C2300E2FFC5 /* ZXActivityIndicatorViewTheme.m */ = {isa = PBXFileReference; fileEncoding = 4; lastKnownFileType = sourcecode.c.objc; path = ZXActivityIndicatorViewTheme.m; sourceTree = "<group>"; };
		F0B0E13B24628C2300E2FFC5 /* ZXStepperTheme.h */ = {isa = PBXFileReference; fileEncoding = 4; lastKnownFileType = sourcecode.c.h; path = ZXStepperTheme.h; sourceTree = "<group>"; };
		F0B0E13C24628C2300E2FFC5 /* UIStepper+ZXTheme.m */ = {isa = PBXFileReference; fileEncoding = 4; lastKnownFileType = sourcecode.c.objc; path = "UIStepper+ZXTheme.m"; sourceTree = "<group>"; };
		F0B0E13D24628C2300E2FFC5 /* ZXStepperTheme.m */ = {isa = PBXFileReference; fileEncoding = 4; lastKnownFileType = sourcecode.c.objc; path = ZXStepperTheme.m; sourceTree = "<group>"; };
		F0B0E13E24628C2300E2FFC5 /* UIStepper+ZXTheme.h */ = {isa = PBXFileReference; fileEncoding = 4; lastKnownFileType = sourcecode.c.h; path = "UIStepper+ZXTheme.h"; sourceTree = "<group>"; };
		F0B0E14024628C2300E2FFC5 /* ZXLabelTheme.m */ = {isa = PBXFileReference; fileEncoding = 4; lastKnownFileType = sourcecode.c.objc; path = ZXLabelTheme.m; sourceTree = "<group>"; };
		F0B0E14124628C2300E2FFC5 /* UILabel+ZXTheme.h */ = {isa = PBXFileReference; fileEncoding = 4; lastKnownFileType = sourcecode.c.h; path = "UILabel+ZXTheme.h"; sourceTree = "<group>"; };
		F0B0E14224628C2300E2FFC5 /* ZXLabelTheme.h */ = {isa = PBXFileReference; fileEncoding = 4; lastKnownFileType = sourcecode.c.h; path = ZXLabelTheme.h; sourceTree = "<group>"; };
		F0B0E14324628C2300E2FFC5 /* UILabel+ZXTheme.m */ = {isa = PBXFileReference; fileEncoding = 4; lastKnownFileType = sourcecode.c.objc; path = "UILabel+ZXTheme.m"; sourceTree = "<group>"; };
		F0B0E14424628C2300E2FFC5 /* ZXTheme.h */ = {isa = PBXFileReference; fileEncoding = 4; lastKnownFileType = sourcecode.c.h; path = ZXTheme.h; sourceTree = "<group>"; };
		F0B0E14624628C2300E2FFC5 /* ZXButtonTheme.m */ = {isa = PBXFileReference; fileEncoding = 4; lastKnownFileType = sourcecode.c.objc; path = ZXButtonTheme.m; sourceTree = "<group>"; };
		F0B0E14724628C2300E2FFC5 /* UIButton+ZXTheme.m */ = {isa = PBXFileReference; fileEncoding = 4; lastKnownFileType = sourcecode.c.objc; path = "UIButton+ZXTheme.m"; sourceTree = "<group>"; };
		F0B0E14824628C2300E2FFC5 /* ZXButtonTheme.h */ = {isa = PBXFileReference; fileEncoding = 4; lastKnownFileType = sourcecode.c.h; path = ZXButtonTheme.h; sourceTree = "<group>"; };
		F0B0E14924628C2300E2FFC5 /* UIButton+ZXTheme.h */ = {isa = PBXFileReference; fileEncoding = 4; lastKnownFileType = sourcecode.c.h; path = "UIButton+ZXTheme.h"; sourceTree = "<group>"; };
		F0B0E14B24628C2300E2FFC5 /* UISegmentedControl+ZXTheme.h */ = {isa = PBXFileReference; fileEncoding = 4; lastKnownFileType = sourcecode.c.h; path = "UISegmentedControl+ZXTheme.h"; sourceTree = "<group>"; };
		F0B0E14C24628C2300E2FFC5 /* ZXSegmentedControlTheme.m */ = {isa = PBXFileReference; fileEncoding = 4; lastKnownFileType = sourcecode.c.objc; path = ZXSegmentedControlTheme.m; sourceTree = "<group>"; };
		F0B0E14D24628C2300E2FFC5 /* ZXSegmentedControlTheme.h */ = {isa = PBXFileReference; fileEncoding = 4; lastKnownFileType = sourcecode.c.h; path = ZXSegmentedControlTheme.h; sourceTree = "<group>"; };
		F0B0E14E24628C2300E2FFC5 /* UISegmentedControl+ZXTheme.m */ = {isa = PBXFileReference; fileEncoding = 4; lastKnownFileType = sourcecode.c.objc; path = "UISegmentedControl+ZXTheme.m"; sourceTree = "<group>"; };
		F0B0E15024628C2300E2FFC5 /* UIView+ZXTheme.m */ = {isa = PBXFileReference; fileEncoding = 4; lastKnownFileType = sourcecode.c.objc; path = "UIView+ZXTheme.m"; sourceTree = "<group>"; };
		F0B0E15124628C2300E2FFC5 /* ZXViewTheme.h */ = {isa = PBXFileReference; fileEncoding = 4; lastKnownFileType = sourcecode.c.h; path = ZXViewTheme.h; sourceTree = "<group>"; };
		F0B0E15224628C2300E2FFC5 /* UIView+ZXTheme.h */ = {isa = PBXFileReference; fileEncoding = 4; lastKnownFileType = sourcecode.c.h; path = "UIView+ZXTheme.h"; sourceTree = "<group>"; };
		F0B0E15324628C2300E2FFC5 /* ZXViewTheme.m */ = {isa = PBXFileReference; fileEncoding = 4; lastKnownFileType = sourcecode.c.objc; path = ZXViewTheme.m; sourceTree = "<group>"; };
		F0B0E15524628C2300E2FFC5 /* ZXTabBarItemTheme.m */ = {isa = PBXFileReference; fileEncoding = 4; lastKnownFileType = sourcecode.c.objc; path = ZXTabBarItemTheme.m; sourceTree = "<group>"; };
		F0B0E15624628C2300E2FFC5 /* UITabBarItem+ZXTheme.h */ = {isa = PBXFileReference; fileEncoding = 4; lastKnownFileType = sourcecode.c.h; path = "UITabBarItem+ZXTheme.h"; sourceTree = "<group>"; };
		F0B0E15724628C2300E2FFC5 /* ZXTabBarItemTheme.h */ = {isa = PBXFileReference; fileEncoding = 4; lastKnownFileType = sourcecode.c.h; path = ZXTabBarItemTheme.h; sourceTree = "<group>"; };
		F0B0E15824628C2300E2FFC5 /* UITabBarItem+ZXTheme.m */ = {isa = PBXFileReference; fileEncoding = 4; lastKnownFileType = sourcecode.c.objc; path = "UITabBarItem+ZXTheme.m"; sourceTree = "<group>"; };
		F0B0E15A24628C2300E2FFC5 /* UITextView+ZXTheme.h */ = {isa = PBXFileReference; fileEncoding = 4; lastKnownFileType = sourcecode.c.h; path = "UITextView+ZXTheme.h"; sourceTree = "<group>"; };
		F0B0E15B24628C2300E2FFC5 /* ZXTextViewTheme.m */ = {isa = PBXFileReference; fileEncoding = 4; lastKnownFileType = sourcecode.c.objc; path = ZXTextViewTheme.m; sourceTree = "<group>"; };
		F0B0E15C24628C2300E2FFC5 /* UITextView+ZXTheme.m */ = {isa = PBXFileReference; fileEncoding = 4; lastKnownFileType = sourcecode.c.objc; path = "UITextView+ZXTheme.m"; sourceTree = "<group>"; };
		F0B0E15D24628C2300E2FFC5 /* ZXTextViewTheme.h */ = {isa = PBXFileReference; fileEncoding = 4; lastKnownFileType = sourcecode.c.h; path = ZXTextViewTheme.h; sourceTree = "<group>"; };
		F0B0E15F24628C2300E2FFC5 /* ZXCollectionViewTheme.h */ = {isa = PBXFileReference; fileEncoding = 4; lastKnownFileType = sourcecode.c.h; path = ZXCollectionViewTheme.h; sourceTree = "<group>"; };
		F0B0E16024628C2300E2FFC5 /* UICollectionView+ZXTheme.h */ = {isa = PBXFileReference; fileEncoding = 4; lastKnownFileType = sourcecode.c.h; path = "UICollectionView+ZXTheme.h"; sourceTree = "<group>"; };
		F0B0E16124628C2300E2FFC5 /* UICollectionView+ZXTheme.m */ = {isa = PBXFileReference; fileEncoding = 4; lastKnownFileType = sourcecode.c.objc; path = "UICollectionView+ZXTheme.m"; sourceTree = "<group>"; };
		F0B0E16224628C2300E2FFC5 /* ZXCollectionViewTheme.m */ = {isa = PBXFileReference; fileEncoding = 4; lastKnownFileType = sourcecode.c.objc; path = ZXCollectionViewTheme.m; sourceTree = "<group>"; };
		F0B0E16424628C2300E2FFC5 /* UIBarButtonItem+ZXTheme.h */ = {isa = PBXFileReference; fileEncoding = 4; lastKnownFileType = sourcecode.c.h; path = "UIBarButtonItem+ZXTheme.h"; sourceTree = "<group>"; };
		F0B0E16524628C2300E2FFC5 /* ZXBarButtonItemTheme.h */ = {isa = PBXFileReference; fileEncoding = 4; lastKnownFileType = sourcecode.c.h; path = ZXBarButtonItemTheme.h; sourceTree = "<group>"; };
		F0B0E16624628C2300E2FFC5 /* UIBarButtonItem+ZXTheme.m */ = {isa = PBXFileReference; fileEncoding = 4; lastKnownFileType = sourcecode.c.objc; path = "UIBarButtonItem+ZXTheme.m"; sourceTree = "<group>"; };
		F0B0E16724628C2300E2FFC5 /* ZXBarButtonItemTheme.m */ = {isa = PBXFileReference; fileEncoding = 4; lastKnownFileType = sourcecode.c.objc; path = ZXBarButtonItemTheme.m; sourceTree = "<group>"; };
		F0B0E16924628C2300E2FFC5 /* ZXImageViewTheme.h */ = {isa = PBXFileReference; fileEncoding = 4; lastKnownFileType = sourcecode.c.h; path = ZXImageViewTheme.h; sourceTree = "<group>"; };
		F0B0E16A24628C2300E2FFC5 /* UIImageView+ZXTheme.h */ = {isa = PBXFileReference; fileEncoding = 4; lastKnownFileType = sourcecode.c.h; path = "UIImageView+ZXTheme.h"; sourceTree = "<group>"; };
		F0B0E16B24628C2300E2FFC5 /* ZXImageViewTheme.m */ = {isa = PBXFileReference; fileEncoding = 4; lastKnownFileType = sourcecode.c.objc; path = ZXImageViewTheme.m; sourceTree = "<group>"; };
		F0B0E16C24628C2300E2FFC5 /* UIImageView+ZXTheme.m */ = {isa = PBXFileReference; fileEncoding = 4; lastKnownFileType = sourcecode.c.objc; path = "UIImageView+ZXTheme.m"; sourceTree = "<group>"; };
		F0B0E16E24628C2300E2FFC5 /* UINavigationBar+ZXTheme.m */ = {isa = PBXFileReference; fileEncoding = 4; lastKnownFileType = sourcecode.c.objc; path = "UINavigationBar+ZXTheme.m"; sourceTree = "<group>"; };
		F0B0E16F24628C2300E2FFC5 /* ZXNavigationBarTheme.m */ = {isa = PBXFileReference; fileEncoding = 4; lastKnownFileType = sourcecode.c.objc; path = ZXNavigationBarTheme.m; sourceTree = "<group>"; };
		F0B0E17024628C2300E2FFC5 /* UINavigationBar+ZXTheme.h */ = {isa = PBXFileReference; fileEncoding = 4; lastKnownFileType = sourcecode.c.h; path = "UINavigationBar+ZXTheme.h"; sourceTree = "<group>"; };
		F0B0E17124628C2300E2FFC5 /* ZXNavigationBarTheme.h */ = {isa = PBXFileReference; fileEncoding = 4; lastKnownFileType = sourcecode.c.h; path = ZXNavigationBarTheme.h; sourceTree = "<group>"; };
		F0B0E17324628C2300E2FFC5 /* UITableView+ZXTheme.h */ = {isa = PBXFileReference; fileEncoding = 4; lastKnownFileType = sourcecode.c.h; path = "UITableView+ZXTheme.h"; sourceTree = "<group>"; };
		F0B0E17424628C2300E2FFC5 /* ZXTableViewTheme.h */ = {isa = PBXFileReference; fileEncoding = 4; lastKnownFileType = sourcecode.c.h; path = ZXTableViewTheme.h; sourceTree = "<group>"; };
		F0B0E17524628C2300E2FFC5 /* UITableView+ZXTheme.m */ = {isa = PBXFileReference; fileEncoding = 4; lastKnownFileType = sourcecode.c.objc; path = "UITableView+ZXTheme.m"; sourceTree = "<group>"; };
		F0B0E17624628C2300E2FFC5 /* ZXTableViewTheme.m */ = {isa = PBXFileReference; fileEncoding = 4; lastKnownFileType = sourcecode.c.objc; path = ZXTableViewTheme.m; sourceTree = "<group>"; };
		F0B0E17824628C2300E2FFC5 /* UIProgressView+ZXTheme.h */ = {isa = PBXFileReference; fileEncoding = 4; lastKnownFileType = sourcecode.c.h; path = "UIProgressView+ZXTheme.h"; sourceTree = "<group>"; };
		F0B0E17924628C2300E2FFC5 /* ZXProgressViewTheme.m */ = {isa = PBXFileReference; fileEncoding = 4; lastKnownFileType = sourcecode.c.objc; path = ZXProgressViewTheme.m; sourceTree = "<group>"; };
		F0B0E17A24628C2300E2FFC5 /* UIProgressView+ZXTheme.m */ = {isa = PBXFileReference; fileEncoding = 4; lastKnownFileType = sourcecode.c.objc; path = "UIProgressView+ZXTheme.m"; sourceTree = "<group>"; };
		F0B0E17B24628C2300E2FFC5 /* ZXProgressViewTheme.h */ = {isa = PBXFileReference; fileEncoding = 4; lastKnownFileType = sourcecode.c.h; path = ZXProgressViewTheme.h; sourceTree = "<group>"; };
		F0B0E17C24628C2300E2FFC5 /* ZXTheme.m */ = {isa = PBXFileReference; fileEncoding = 4; lastKnownFileType = sourcecode.c.objc; path = ZXTheme.m; sourceTree = "<group>"; };
		F0B0E17E24628C2300E2FFC5 /* ZXTabBarTheme.h */ = {isa = PBXFileReference; fileEncoding = 4; lastKnownFileType = sourcecode.c.h; path = ZXTabBarTheme.h; sourceTree = "<group>"; };
		F0B0E17F24628C2300E2FFC5 /* ZXTabBarTheme.m */ = {isa = PBXFileReference; fileEncoding = 4; lastKnownFileType = sourcecode.c.objc; path = ZXTabBarTheme.m; sourceTree = "<group>"; };
		F0B0E18124628C2300E2FFC5 /* ZXSliderTheme.h */ = {isa = PBXFileReference; fileEncoding = 4; lastKnownFileType = sourcecode.c.h; path = ZXSliderTheme.h; sourceTree = "<group>"; };
		F0B0E18224628C2300E2FFC5 /* UISlider+ZXTheme.m */ = {isa = PBXFileReference; fileEncoding = 4; lastKnownFileType = sourcecode.c.objc; path = "UISlider+ZXTheme.m"; sourceTree = "<group>"; };
		F0B0E18324628C2300E2FFC5 /* ZXSliderTheme.m */ = {isa = PBXFileReference; fileEncoding = 4; lastKnownFileType = sourcecode.c.objc; path = ZXSliderTheme.m; sourceTree = "<group>"; };
		F0B0E18424628C2300E2FFC5 /* UISlider+ZXTheme.h */ = {isa = PBXFileReference; fileEncoding = 4; lastKnownFileType = sourcecode.c.h; path = "UISlider+ZXTheme.h"; sourceTree = "<group>"; };
		F0B0E18624628C2300E2FFC5 /* UITextField+ZXTheme.h */ = {isa = PBXFileReference; fileEncoding = 4; lastKnownFileType = sourcecode.c.h; path = "UITextField+ZXTheme.h"; sourceTree = "<group>"; };
		F0B0E18724628C2300E2FFC5 /* ZXTextFieldTheme.h */ = {isa = PBXFileReference; fileEncoding = 4; lastKnownFileType = sourcecode.c.h; path = ZXTextFieldTheme.h; sourceTree = "<group>"; };
		F0B0E18824628C2300E2FFC5 /* UITextField+ZXTheme.m */ = {isa = PBXFileReference; fileEncoding = 4; lastKnownFileType = sourcecode.c.objc; path = "UITextField+ZXTheme.m"; sourceTree = "<group>"; };
		F0B0E18924628C2300E2FFC5 /* ZXTextFieldTheme.m */ = {isa = PBXFileReference; fileEncoding = 4; lastKnownFileType = sourcecode.c.objc; path = ZXTextFieldTheme.m; sourceTree = "<group>"; };
		F0B0E18C24628C2300E2FFC5 /* ZXThemeTool.m */ = {isa = PBXFileReference; fileEncoding = 4; lastKnownFileType = sourcecode.c.objc; path = ZXThemeTool.m; sourceTree = "<group>"; };
		F0B0E18D24628C2300E2FFC5 /* ZXThemeTool.h */ = {isa = PBXFileReference; fileEncoding = 4; lastKnownFileType = sourcecode.c.h; path = ZXThemeTool.h; sourceTree = "<group>"; };
		F0B0E18F24628C2300E2FFC5 /* ZXThemeDefind.h */ = {isa = PBXFileReference; fileEncoding = 4; lastKnownFileType = sourcecode.c.h; path = ZXThemeDefind.h; sourceTree = "<group>"; };
		F0B0E19124628C2300E2FFC5 /* ZXThemeRuntime.h */ = {isa = PBXFileReference; fileEncoding = 4; lastKnownFileType = sourcecode.c.h; path = ZXThemeRuntime.h; sourceTree = "<group>"; };
		F0B0E19224628C2300E2FFC5 /* ZXThemeRuntime.m */ = {isa = PBXFileReference; fileEncoding = 4; lastKnownFileType = sourcecode.c.objc; path = ZXThemeRuntime.m; sourceTree = "<group>"; };
		F0B0E19424628C2300E2FFC5 /* ZXThemeCustomTool.h */ = {isa = PBXFileReference; fileEncoding = 4; lastKnownFileType = sourcecode.c.h; path = ZXThemeCustomTool.h; sourceTree = "<group>"; };
		F0B0E19524628C2300E2FFC5 /* NSObject+ZXCustomTheme.h */ = {isa = PBXFileReference; fileEncoding = 4; lastKnownFileType = sourcecode.c.h; path = "NSObject+ZXCustomTheme.h"; sourceTree = "<group>"; };
		F0B0E19624628C2300E2FFC5 /* ZXThemeCustomTool.m */ = {isa = PBXFileReference; fileEncoding = 4; lastKnownFileType = sourcecode.c.objc; path = ZXThemeCustomTool.m; sourceTree = "<group>"; };
		F0B0E19724628C2300E2FFC5 /* NSObject+ZXCustomTheme.m */ = {isa = PBXFileReference; fileEncoding = 4; lastKnownFileType = sourcecode.c.objc; path = "NSObject+ZXCustomTheme.m"; sourceTree = "<group>"; };
		F0B0E19A24628C2300E2FFC5 /* UIViewController+HideBackItemText.m */ = {isa = PBXFileReference; fileEncoding = 4; lastKnownFileType = sourcecode.c.objc; path = "UIViewController+HideBackItemText.m"; sourceTree = "<group>"; };
		F0B0E19B24628C2300E2FFC5 /* UITableView+XZQReload.h */ = {isa = PBXFileReference; fileEncoding = 4; lastKnownFileType = sourcecode.c.h; path = "UITableView+XZQReload.h"; sourceTree = "<group>"; };
		F0B0E19C24628C2300E2FFC5 /* NSError+XZQError.h */ = {isa = PBXFileReference; fileEncoding = 4; lastKnownFileType = sourcecode.c.h; path = "NSError+XZQError.h"; sourceTree = "<group>"; };
		F0B0E19D24628C2300E2FFC5 /* UIViewController+HideBackItemText.h */ = {isa = PBXFileReference; fileEncoding = 4; lastKnownFileType = sourcecode.c.h; path = "UIViewController+HideBackItemText.h"; sourceTree = "<group>"; };
		F0B0E19E24628C2300E2FFC5 /* UITableView+XZQReload.m */ = {isa = PBXFileReference; fileEncoding = 4; lastKnownFileType = sourcecode.c.objc; path = "UITableView+XZQReload.m"; sourceTree = "<group>"; };
		F0B0E19F24628C2300E2FFC5 /* NSError+XZQError.m */ = {isa = PBXFileReference; fileEncoding = 4; lastKnownFileType = sourcecode.c.objc; path = "NSError+XZQError.m"; sourceTree = "<group>"; };
		F0B0E1A024628C2300E2FFC5 /* CommonUtils.h */ = {isa = PBXFileReference; fileEncoding = 4; lastKnownFileType = sourcecode.c.h; path = CommonUtils.h; sourceTree = "<group>"; };
		F0B0E1A224628C2300E2FFC5 /* XZQErrorView.m */ = {isa = PBXFileReference; fileEncoding = 4; lastKnownFileType = sourcecode.c.objc; path = XZQErrorView.m; sourceTree = "<group>"; };
		F0B0E1A324628C2300E2FFC5 /* NetworkTool.m */ = {isa = PBXFileReference; fileEncoding = 4; lastKnownFileType = sourcecode.c.objc; path = NetworkTool.m; sourceTree = "<group>"; };
		F0B0E1A424628C2300E2FFC5 /* NetworkTool.h */ = {isa = PBXFileReference; fileEncoding = 4; lastKnownFileType = sourcecode.c.h; path = NetworkTool.h; sourceTree = "<group>"; };
		F0B0E1A524628C2300E2FFC5 /* XZQErrorView.h */ = {isa = PBXFileReference; fileEncoding = 4; lastKnownFileType = sourcecode.c.h; path = XZQErrorView.h; sourceTree = "<group>"; };
		F0B0E1A624628C2300E2FFC5 /* UrlDefinition.h */ = {isa = PBXFileReference; fileEncoding = 4; lastKnownFileType = sourcecode.c.h; path = UrlDefinition.h; sourceTree = "<group>"; };
		F0B0E1A724628C2300E2FFC5 /* CommonUtils.m */ = {isa = PBXFileReference; fileEncoding = 4; lastKnownFileType = sourcecode.c.objc; path = CommonUtils.m; sourceTree = "<group>"; };
		F0B0E1A824628C2300E2FFC5 /* XZQBaseDefinition.h */ = {isa = PBXFileReference; fileEncoding = 4; lastKnownFileType = sourcecode.c.h; path = XZQBaseDefinition.h; sourceTree = "<group>"; };
		F0B0E1DB24628CBD00E2FFC5 /* XZQ_Prefix.pch */ = {isa = PBXFileReference; lastKnownFileType = sourcecode.c.h; path = XZQ_Prefix.pch; sourceTree = "<group>"; };
		F0B0E1DC246294CF00E2FFC5 /* README.md */ = {isa = PBXFileReference; fileEncoding = 4; lastKnownFileType = net.daringfireball.markdown; path = README.md; sourceTree = "<group>"; };
		F0B0E1E0246299F200E2FFC5 /* TopBannerModel.h */ = {isa = PBXFileReference; lastKnownFileType = sourcecode.c.h; path = TopBannerModel.h; sourceTree = "<group>"; };
		F0B0E1E1246299F200E2FFC5 /* TopBannerModel.m */ = {isa = PBXFileReference; lastKnownFileType = sourcecode.c.objc; path = TopBannerModel.m; sourceTree = "<group>"; };
		F0B0E1E324629DA200E2FFC5 /* DiscListModel.h */ = {isa = PBXFileReference; lastKnownFileType = sourcecode.c.h; path = DiscListModel.h; sourceTree = "<group>"; };
		F0B0E1E424629DA200E2FFC5 /* DiscListModel.m */ = {isa = PBXFileReference; lastKnownFileType = sourcecode.c.objc; path = DiscListModel.m; sourceTree = "<group>"; };
		F0B0E1E72462A30500E2FFC5 /* SwitchHeaderView.h */ = {isa = PBXFileReference; lastKnownFileType = sourcecode.c.h; path = SwitchHeaderView.h; sourceTree = "<group>"; };
		F0B0E1E82462A30500E2FFC5 /* SwitchHeaderView.m */ = {isa = PBXFileReference; lastKnownFileType = sourcecode.c.objc; path = SwitchHeaderView.m; sourceTree = "<group>"; };
		F0B0E1EA2462A59700E2FFC5 /* UIColor+Expanded.h */ = {isa = PBXFileReference; lastKnownFileType = sourcecode.c.h; path = "UIColor+Expanded.h"; sourceTree = "<group>"; };
		F0B0E1EB2462A59700E2FFC5 /* UIColor+Expanded.m */ = {isa = PBXFileReference; lastKnownFileType = sourcecode.c.objc; path = "UIColor+Expanded.m"; sourceTree = "<group>"; };
		F0B0E1F42462AF2600E2FFC5 /* RecommendController.h */ = {isa = PBXFileReference; lastKnownFileType = sourcecode.c.h; path = RecommendController.h; sourceTree = "<group>"; };
		F0B0E1F52462AF2600E2FFC5 /* RecommendController.m */ = {isa = PBXFileReference; lastKnownFileType = sourcecode.c.objc; path = RecommendController.m; sourceTree = "<group>"; };
		F0B0E1F72462B00300E2FFC5 /* SingerController.h */ = {isa = PBXFileReference; lastKnownFileType = sourcecode.c.h; path = SingerController.h; sourceTree = "<group>"; };
		F0B0E1F82462B00300E2FFC5 /* SingerController.m */ = {isa = PBXFileReference; lastKnownFileType = sourcecode.c.objc; path = SingerController.m; sourceTree = "<group>"; wrapsLines = 0; };
		F0B0E1FA2462B01C00E2FFC5 /* RankController.h */ = {isa = PBXFileReference; lastKnownFileType = sourcecode.c.h; path = RankController.h; sourceTree = "<group>"; };
		F0B0E1FB2462B01C00E2FFC5 /* RankController.m */ = {isa = PBXFileReference; lastKnownFileType = sourcecode.c.objc; path = RankController.m; sourceTree = "<group>"; };
		F0B0E1FD2462B03100E2FFC5 /* SearchController.h */ = {isa = PBXFileReference; lastKnownFileType = sourcecode.c.h; path = SearchController.h; sourceTree = "<group>"; };
		F0B0E1FE2462B03100E2FFC5 /* SearchController.m */ = {isa = PBXFileReference; lastKnownFileType = sourcecode.c.objc; path = SearchController.m; sourceTree = "<group>"; };
		F0C81CBD2463E3E700244FBD /* RecommendHeaderView.h */ = {isa = PBXFileReference; lastKnownFileType = sourcecode.c.h; path = RecommendHeaderView.h; sourceTree = "<group>"; };
		F0C81CBE2463E3E700244FBD /* RecommendHeaderView.m */ = {isa = PBXFileReference; lastKnownFileType = sourcecode.c.objc; path = RecommendHeaderView.m; sourceTree = "<group>"; };
		F0C81CC02463F48E00244FBD /* RecommendListCell.h */ = {isa = PBXFileReference; lastKnownFileType = sourcecode.c.h; path = RecommendListCell.h; sourceTree = "<group>"; };
		F0C81CC12463F48E00244FBD /* RecommendListCell.m */ = {isa = PBXFileReference; lastKnownFileType = sourcecode.c.objc; path = RecommendListCell.m; sourceTree = "<group>"; };
		F0C81CC52464008100244FBD /* RankListModel.h */ = {isa = PBXFileReference; lastKnownFileType = sourcecode.c.h; path = RankListModel.h; sourceTree = "<group>"; };
		F0C81CC62464008100244FBD /* RankListModel.m */ = {isa = PBXFileReference; lastKnownFileType = sourcecode.c.objc; path = RankListModel.m; sourceTree = "<group>"; };
		F0C81CC8246404D900244FBD /* RankListCell.h */ = {isa = PBXFileReference; lastKnownFileType = sourcecode.c.h; name = RankListCell.h; path = ../RankListCell.h; sourceTree = "<group>"; };
		F0C81CC9246404D900244FBD /* RankListCell.m */ = {isa = PBXFileReference; lastKnownFileType = sourcecode.c.objc; name = RankListCell.m; path = ../RankListCell.m; sourceTree = "<group>"; };
		F0CDAA21246926300043EB31 /* SearchResultCell.h */ = {isa = PBXFileReference; lastKnownFileType = sourcecode.c.h; path = SearchResultCell.h; sourceTree = "<group>"; };
		F0CDAA22246926300043EB31 /* SearchResultCell.m */ = {isa = PBXFileReference; lastKnownFileType = sourcecode.c.objc; path = SearchResultCell.m; sourceTree = "<group>"; };
		F0CDAA24246942470043EB31 /* QQMusicModel.h */ = {isa = PBXFileReference; fileEncoding = 4; lastKnownFileType = sourcecode.c.h; path = QQMusicModel.h; sourceTree = "<group>"; };
		F0CDAA25246942470043EB31 /* QQMusicModel.m */ = {isa = PBXFileReference; fileEncoding = 4; lastKnownFileType = sourcecode.c.objc; path = QQMusicModel.m; sourceTree = "<group>"; };
		F0D20FEE246697CE00F22A52 /* HistorySearchCell.h */ = {isa = PBXFileReference; lastKnownFileType = sourcecode.c.h; path = HistorySearchCell.h; sourceTree = "<group>"; };
		F0D20FEF246697CE00F22A52 /* HistorySearchCell.m */ = {isa = PBXFileReference; lastKnownFileType = sourcecode.c.objc; path = HistorySearchCell.m; sourceTree = "<group>"; };
		F0D8DC3E246527F400999AA9 /* XZQIndexView.h */ = {isa = PBXFileReference; lastKnownFileType = sourcecode.c.h; path = XZQIndexView.h; sourceTree = "<group>"; };
		F0D8DC3F246527F400999AA9 /* XZQIndexView.m */ = {isa = PBXFileReference; lastKnownFileType = sourcecode.c.objc; path = XZQIndexView.m; sourceTree = "<group>"; };
		F0D8DC4124652BF800999AA9 /* XZQSectionIndicatorView.h */ = {isa = PBXFileReference; lastKnownFileType = sourcecode.c.h; path = XZQSectionIndicatorView.h; sourceTree = "<group>"; };
		F0D8DC4224652BF800999AA9 /* XZQSectionIndicatorView.m */ = {isa = PBXFileReference; lastKnownFileType = sourcecode.c.objc; path = XZQSectionIndicatorView.m; sourceTree = "<group>"; };
		F0D8DC45246551B700999AA9 /* XZQSingleton.h */ = {isa = PBXFileReference; lastKnownFileType = sourcecode.c.h; path = XZQSingleton.h; sourceTree = "<group>"; };
		F0D8DC46246551B700999AA9 /* XZQSingleton.m */ = {isa = PBXFileReference; lastKnownFileType = sourcecode.c.objc; path = XZQSingleton.m; sourceTree = "<group>"; };
		F0D8DC4924655D9E00999AA9 /* HotSearchModel.h */ = {isa = PBXFileReference; lastKnownFileType = sourcecode.c.h; path = HotSearchModel.h; sourceTree = "<group>"; };
		F0D8DC4A24655D9E00999AA9 /* HotSearchModel.m */ = {isa = PBXFileReference; lastKnownFileType = sourcecode.c.objc; path = HotSearchModel.m; sourceTree = "<group>"; };
		F0D8DC4E246568D400999AA9 /* XZQHotTag.h */ = {isa = PBXFileReference; lastKnownFileType = sourcecode.c.h; path = XZQHotTag.h; sourceTree = "<group>"; };
		F0D8DC4F246568D400999AA9 /* XZQHotTag.m */ = {isa = PBXFileReference; lastKnownFileType = sourcecode.c.objc; path = XZQHotTag.m; sourceTree = "<group>"; };
		F0D8DC5124656AAB00999AA9 /* XZQHotTagView.h */ = {isa = PBXFileReference; lastKnownFileType = sourcecode.c.h; path = XZQHotTagView.h; sourceTree = "<group>"; };
		F0D8DC5224656AAB00999AA9 /* XZQHotTagView.m */ = {isa = PBXFileReference; lastKnownFileType = sourcecode.c.objc; path = XZQHotTagView.m; sourceTree = "<group>"; };
		F0D8DC5424656D1600999AA9 /* XZQHotTagButton.h */ = {isa = PBXFileReference; lastKnownFileType = sourcecode.c.h; path = XZQHotTagButton.h; sourceTree = "<group>"; };
		F0D8DC5524656D1600999AA9 /* XZQHotTagButton.m */ = {isa = PBXFileReference; lastKnownFileType = sourcecode.c.objc; path = XZQHotTagButton.m; sourceTree = "<group>"; };
/* End PBXFileReference section */

/* Begin PBXFrameworksBuildPhase section */
		F0B0E1062462878000E2FFC5 /* Frameworks */ = {
			isa = PBXFrameworksBuildPhase;
			buildActionMask = 2147483647;
			files = (
				B9C4CF30CAB392A7BAA7EAE3 /* libPods-XZQMusic.a in Frameworks */,
			);
			runOnlyForDeploymentPostprocessing = 0;
		};
/* End PBXFrameworksBuildPhase section */

/* Begin PBXGroup section */
		8A0C51193769535BBB8F586B /* Frameworks */ = {
			isa = PBXGroup;
			children = (
				3262D972049066D9EF1EA1CF /* libPods-XZQMusic.a */,
			);
			name = Frameworks;
			sourceTree = "<group>";
		};
		D300EDDF4FCB8661BA89A2C5 /* Pods */ = {
			isa = PBXGroup;
			children = (
				0831805EC99AC6D2FC626227 /* Pods-XZQMusic.debug.xcconfig */,
				1819C1ED2214849D91B506EE /* Pods-XZQMusic.release.xcconfig */,
			);
			path = Pods;
			sourceTree = "<group>";
		};
		F0B00FCF246413F400C15D3D /* View */ = {
			isa = PBXGroup;
			children = (
				F0D8DC3C246527AE00999AA9 /* Cell */,
				F0D8DC3E246527F400999AA9 /* XZQIndexView.h */,
				F0D8DC3F246527F400999AA9 /* XZQIndexView.m */,
				F0D8DC4124652BF800999AA9 /* XZQSectionIndicatorView.h */,
				F0D8DC4224652BF800999AA9 /* XZQSectionIndicatorView.m */,
			);
			path = View;
			sourceTree = "<group>";
		};
		F0B00FD0246413FA00C15D3D /* Model */ = {
			isa = PBXGroup;
			children = (
				F0B00FD12464140D00C15D3D /* SingerListModel.h */,
				F0B00FD22464140D00C15D3D /* SingerListModel.m */,
			);
			path = Model;
			sourceTree = "<group>";
		};
		F0B0E1002462878000E2FFC5 = {
			isa = PBXGroup;
			children = (
				F0B0E1DC246294CF00E2FFC5 /* README.md */,
				F0B0E10B2462878000E2FFC5 /* XZQMusic */,
				F0B0E10A2462878000E2FFC5 /* Products */,
				D300EDDF4FCB8661BA89A2C5 /* Pods */,
				8A0C51193769535BBB8F586B /* Frameworks */,
			);
			sourceTree = "<group>";
		};
		F0B0E10A2462878000E2FFC5 /* Products */ = {
			isa = PBXGroup;
			children = (
				F0B0E1092462878000E2FFC5 /* XZQ音乐.app */,
			);
			name = Products;
			sourceTree = "<group>";
		};
		F0B0E10B2462878000E2FFC5 /* XZQMusic */ = {
			isa = PBXGroup;
			children = (
				F0B0E1DE246299A000E2FFC5 /* Recommend */,
				F0B0E1ED2462AE6C00E2FFC5 /* Singer */,
				F0B0E1EE2462AE7B00E2FFC5 /* Rank */,
				F0B0E1EF2462AE8800E2FFC5 /* Search */,
				F0B0E12524628C2300E2FFC5 /* OtherFramework */,
				F0B0E19824628C2300E2FFC5 /* Tool */,
				F0B0E10C2462878000E2FFC5 /* AppDelegate.h */,
				F0B0E10D2462878000E2FFC5 /* AppDelegate.m */,
				F0B0E10F2462878000E2FFC5 /* SceneDelegate.h */,
				F0B0E1102462878000E2FFC5 /* SceneDelegate.m */,
				F0B0E1122462878000E2FFC5 /* ViewController.h */,
				F0B0E1132462878000E2FFC5 /* ViewController.m */,
				F0B0E1152462878000E2FFC5 /* Main.storyboard */,
				F0B0E1182462878B00E2FFC5 /* Assets.xcassets */,
				F0B0E11A2462878B00E2FFC5 /* LaunchScreen.storyboard */,
				F0B0E11D2462878B00E2FFC5 /* Info.plist */,
				F0B0E11E2462878B00E2FFC5 /* main.m */,
				F0B0E1DB24628CBD00E2FFC5 /* XZQ_Prefix.pch */,
			);
			path = XZQMusic;
			sourceTree = "<group>";
		};
		F0B0E12524628C2300E2FFC5 /* OtherFramework */ = {
			isa = PBXGroup;
			children = (
				F0B0E12624628C2300E2FFC5 /* ZXTheme */,
			);
			path = OtherFramework;
			sourceTree = "<group>";
		};
		F0B0E12624628C2300E2FFC5 /* ZXTheme */ = {
			isa = PBXGroup;
			children = (
				F0B0E12724628C2300E2FFC5 /* Core */,
				F0B0E18A24628C2300E2FFC5 /* Tool */,
			);
			path = ZXTheme;
			sourceTree = "<group>";
		};
		F0B0E12724628C2300E2FFC5 /* Core */ = {
			isa = PBXGroup;
			children = (
				F0B0E14424628C2300E2FFC5 /* ZXTheme.h */,
				F0B0E17C24628C2300E2FFC5 /* ZXTheme.m */,
				F0B0E12824628C2300E2FFC5 /* UIImage */,
				F0B0E12B24628C2300E2FFC5 /* UIPageControl */,
				F0B0E13024628C2300E2FFC5 /* UISwitch */,
				F0B0E13524628C2300E2FFC5 /* UIActivityIndicatorView */,
				F0B0E13A24628C2300E2FFC5 /* UIStepper */,
				F0B0E13F24628C2300E2FFC5 /* UILabel */,
				F0B0E14524628C2300E2FFC5 /* UIButton */,
				F0B0E14A24628C2300E2FFC5 /* UISegmentedControl */,
				F0B0E14F24628C2300E2FFC5 /* UIView */,
				F0B0E15424628C2300E2FFC5 /* UITabBarItem */,
				F0B0E15924628C2300E2FFC5 /* UITextView */,
				F0B0E15E24628C2300E2FFC5 /* UICollectionView */,
				F0B0E16324628C2300E2FFC5 /* UIBarButtonItem */,
				F0B0E16824628C2300E2FFC5 /* UIImageView */,
				F0B0E16D24628C2300E2FFC5 /* UINavigationBar */,
				F0B0E17224628C2300E2FFC5 /* UITableView */,
				F0B0E17724628C2300E2FFC5 /* UIProgressView */,
				F0B0E17D24628C2300E2FFC5 /* UITabBar */,
				F0B0E18024628C2300E2FFC5 /* UISlider */,
				F0B0E18524628C2300E2FFC5 /* UITextField */,
			);
			path = Core;
			sourceTree = "<group>";
		};
		F0B0E12824628C2300E2FFC5 /* UIImage */ = {
			isa = PBXGroup;
			children = (
				F0B0E12924628C2300E2FFC5 /* UIImage+ZXTheme.h */,
				F0B0E12A24628C2300E2FFC5 /* UIImage+ZXTheme.m */,
			);
			path = UIImage;
			sourceTree = "<group>";
		};
		F0B0E12B24628C2300E2FFC5 /* UIPageControl */ = {
			isa = PBXGroup;
			children = (
				F0B0E12C24628C2300E2FFC5 /* ZXPageControlTheme.h */,
				F0B0E12D24628C2300E2FFC5 /* UIPageControl+ZXTheme.h */,
				F0B0E12E24628C2300E2FFC5 /* ZXPageControlTheme.m */,
				F0B0E12F24628C2300E2FFC5 /* UIPageControl+ZXTheme.m */,
			);
			path = UIPageControl;
			sourceTree = "<group>";
		};
		F0B0E13024628C2300E2FFC5 /* UISwitch */ = {
			isa = PBXGroup;
			children = (
				F0B0E13124628C2300E2FFC5 /* ZXSwitchTheme.h */,
				F0B0E13224628C2300E2FFC5 /* UISwitch+ZXTheme.m */,
				F0B0E13324628C2300E2FFC5 /* UISwitch+ZXTheme.h */,
				F0B0E13424628C2300E2FFC5 /* ZXSwitchTheme.m */,
			);
			path = UISwitch;
			sourceTree = "<group>";
		};
		F0B0E13524628C2300E2FFC5 /* UIActivityIndicatorView */ = {
			isa = PBXGroup;
			children = (
				F0B0E13624628C2300E2FFC5 /* UIActivityIndicatorView+ZXTheme.h */,
				F0B0E13724628C2300E2FFC5 /* ZXActivityIndicatorViewTheme.h */,
				F0B0E13824628C2300E2FFC5 /* UIActivityIndicatorView+ZXTheme.m */,
				F0B0E13924628C2300E2FFC5 /* ZXActivityIndicatorViewTheme.m */,
			);
			path = UIActivityIndicatorView;
			sourceTree = "<group>";
		};
		F0B0E13A24628C2300E2FFC5 /* UIStepper */ = {
			isa = PBXGroup;
			children = (
				F0B0E13B24628C2300E2FFC5 /* ZXStepperTheme.h */,
				F0B0E13C24628C2300E2FFC5 /* UIStepper+ZXTheme.m */,
				F0B0E13D24628C2300E2FFC5 /* ZXStepperTheme.m */,
				F0B0E13E24628C2300E2FFC5 /* UIStepper+ZXTheme.h */,
			);
			path = UIStepper;
			sourceTree = "<group>";
		};
		F0B0E13F24628C2300E2FFC5 /* UILabel */ = {
			isa = PBXGroup;
			children = (
				F0B0E14024628C2300E2FFC5 /* ZXLabelTheme.m */,
				F0B0E14124628C2300E2FFC5 /* UILabel+ZXTheme.h */,
				F0B0E14224628C2300E2FFC5 /* ZXLabelTheme.h */,
				F0B0E14324628C2300E2FFC5 /* UILabel+ZXTheme.m */,
			);
			path = UILabel;
			sourceTree = "<group>";
		};
		F0B0E14524628C2300E2FFC5 /* UIButton */ = {
			isa = PBXGroup;
			children = (
				F0B0E14624628C2300E2FFC5 /* ZXButtonTheme.m */,
				F0B0E14724628C2300E2FFC5 /* UIButton+ZXTheme.m */,
				F0B0E14824628C2300E2FFC5 /* ZXButtonTheme.h */,
				F0B0E14924628C2300E2FFC5 /* UIButton+ZXTheme.h */,
			);
			path = UIButton;
			sourceTree = "<group>";
		};
		F0B0E14A24628C2300E2FFC5 /* UISegmentedControl */ = {
			isa = PBXGroup;
			children = (
				F0B0E14B24628C2300E2FFC5 /* UISegmentedControl+ZXTheme.h */,
				F0B0E14C24628C2300E2FFC5 /* ZXSegmentedControlTheme.m */,
				F0B0E14D24628C2300E2FFC5 /* ZXSegmentedControlTheme.h */,
				F0B0E14E24628C2300E2FFC5 /* UISegmentedControl+ZXTheme.m */,
			);
			path = UISegmentedControl;
			sourceTree = "<group>";
		};
		F0B0E14F24628C2300E2FFC5 /* UIView */ = {
			isa = PBXGroup;
			children = (
				F0B0E15224628C2300E2FFC5 /* UIView+ZXTheme.h */,
				F0B0E15024628C2300E2FFC5 /* UIView+ZXTheme.m */,
				F0B0E15124628C2300E2FFC5 /* ZXViewTheme.h */,
				F0B0E15324628C2300E2FFC5 /* ZXViewTheme.m */,
			);
			path = UIView;
			sourceTree = "<group>";
		};
		F0B0E15424628C2300E2FFC5 /* UITabBarItem */ = {
			isa = PBXGroup;
			children = (
				F0B0E15524628C2300E2FFC5 /* ZXTabBarItemTheme.m */,
				F0B0E15624628C2300E2FFC5 /* UITabBarItem+ZXTheme.h */,
				F0B0E15724628C2300E2FFC5 /* ZXTabBarItemTheme.h */,
				F0B0E15824628C2300E2FFC5 /* UITabBarItem+ZXTheme.m */,
			);
			path = UITabBarItem;
			sourceTree = "<group>";
		};
		F0B0E15924628C2300E2FFC5 /* UITextView */ = {
			isa = PBXGroup;
			children = (
				F0B0E15A24628C2300E2FFC5 /* UITextView+ZXTheme.h */,
				F0B0E15B24628C2300E2FFC5 /* ZXTextViewTheme.m */,
				F0B0E15C24628C2300E2FFC5 /* UITextView+ZXTheme.m */,
				F0B0E15D24628C2300E2FFC5 /* ZXTextViewTheme.h */,
			);
			path = UITextView;
			sourceTree = "<group>";
		};
		F0B0E15E24628C2300E2FFC5 /* UICollectionView */ = {
			isa = PBXGroup;
			children = (
				F0B0E15F24628C2300E2FFC5 /* ZXCollectionViewTheme.h */,
				F0B0E16024628C2300E2FFC5 /* UICollectionView+ZXTheme.h */,
				F0B0E16124628C2300E2FFC5 /* UICollectionView+ZXTheme.m */,
				F0B0E16224628C2300E2FFC5 /* ZXCollectionViewTheme.m */,
			);
			path = UICollectionView;
			sourceTree = "<group>";
		};
		F0B0E16324628C2300E2FFC5 /* UIBarButtonItem */ = {
			isa = PBXGroup;
			children = (
				F0B0E16424628C2300E2FFC5 /* UIBarButtonItem+ZXTheme.h */,
				F0B0E16524628C2300E2FFC5 /* ZXBarButtonItemTheme.h */,
				F0B0E16624628C2300E2FFC5 /* UIBarButtonItem+ZXTheme.m */,
				F0B0E16724628C2300E2FFC5 /* ZXBarButtonItemTheme.m */,
			);
			path = UIBarButtonItem;
			sourceTree = "<group>";
		};
		F0B0E16824628C2300E2FFC5 /* UIImageView */ = {
			isa = PBXGroup;
			children = (
				F0B0E16924628C2300E2FFC5 /* ZXImageViewTheme.h */,
				F0B0E16A24628C2300E2FFC5 /* UIImageView+ZXTheme.h */,
				F0B0E16B24628C2300E2FFC5 /* ZXImageViewTheme.m */,
				F0B0E16C24628C2300E2FFC5 /* UIImageView+ZXTheme.m */,
			);
			path = UIImageView;
			sourceTree = "<group>";
		};
		F0B0E16D24628C2300E2FFC5 /* UINavigationBar */ = {
			isa = PBXGroup;
			children = (
				F0B0E16E24628C2300E2FFC5 /* UINavigationBar+ZXTheme.m */,
				F0B0E16F24628C2300E2FFC5 /* ZXNavigationBarTheme.m */,
				F0B0E17024628C2300E2FFC5 /* UINavigationBar+ZXTheme.h */,
				F0B0E17124628C2300E2FFC5 /* ZXNavigationBarTheme.h */,
			);
			path = UINavigationBar;
			sourceTree = "<group>";
		};
		F0B0E17224628C2300E2FFC5 /* UITableView */ = {
			isa = PBXGroup;
			children = (
				F0B0E17324628C2300E2FFC5 /* UITableView+ZXTheme.h */,
				F0B0E17424628C2300E2FFC5 /* ZXTableViewTheme.h */,
				F0B0E17524628C2300E2FFC5 /* UITableView+ZXTheme.m */,
				F0B0E17624628C2300E2FFC5 /* ZXTableViewTheme.m */,
			);
			path = UITableView;
			sourceTree = "<group>";
		};
		F0B0E17724628C2300E2FFC5 /* UIProgressView */ = {
			isa = PBXGroup;
			children = (
				F0B0E17824628C2300E2FFC5 /* UIProgressView+ZXTheme.h */,
				F0B0E17924628C2300E2FFC5 /* ZXProgressViewTheme.m */,
				F0B0E17A24628C2300E2FFC5 /* UIProgressView+ZXTheme.m */,
				F0B0E17B24628C2300E2FFC5 /* ZXProgressViewTheme.h */,
			);
			path = UIProgressView;
			sourceTree = "<group>";
		};
		F0B0E17D24628C2300E2FFC5 /* UITabBar */ = {
			isa = PBXGroup;
			children = (
				F0B0E17E24628C2300E2FFC5 /* ZXTabBarTheme.h */,
				F0B0E17F24628C2300E2FFC5 /* ZXTabBarTheme.m */,
			);
			path = UITabBar;
			sourceTree = "<group>";
		};
		F0B0E18024628C2300E2FFC5 /* UISlider */ = {
			isa = PBXGroup;
			children = (
				F0B0E18124628C2300E2FFC5 /* ZXSliderTheme.h */,
				F0B0E18224628C2300E2FFC5 /* UISlider+ZXTheme.m */,
				F0B0E18324628C2300E2FFC5 /* ZXSliderTheme.m */,
				F0B0E18424628C2300E2FFC5 /* UISlider+ZXTheme.h */,
			);
			path = UISlider;
			sourceTree = "<group>";
		};
		F0B0E18524628C2300E2FFC5 /* UITextField */ = {
			isa = PBXGroup;
			children = (
				F0B0E18624628C2300E2FFC5 /* UITextField+ZXTheme.h */,
				F0B0E18724628C2300E2FFC5 /* ZXTextFieldTheme.h */,
				F0B0E18824628C2300E2FFC5 /* UITextField+ZXTheme.m */,
				F0B0E18924628C2300E2FFC5 /* ZXTextFieldTheme.m */,
			);
			path = UITextField;
			sourceTree = "<group>";
		};
		F0B0E18A24628C2300E2FFC5 /* Tool */ = {
			isa = PBXGroup;
			children = (
				F0B0E18B24628C2300E2FFC5 /* ZXThemeTool */,
				F0B0E18E24628C2300E2FFC5 /* ZXThemeDefind */,
				F0B0E19024628C2300E2FFC5 /* ZXThemeRuntime */,
				F0B0E19324628C2300E2FFC5 /* ZXThemeCustomTool */,
			);
			path = Tool;
			sourceTree = "<group>";
		};
		F0B0E18B24628C2300E2FFC5 /* ZXThemeTool */ = {
			isa = PBXGroup;
			children = (
				F0B0E18C24628C2300E2FFC5 /* ZXThemeTool.m */,
				F0B0E18D24628C2300E2FFC5 /* ZXThemeTool.h */,
			);
			path = ZXThemeTool;
			sourceTree = "<group>";
		};
		F0B0E18E24628C2300E2FFC5 /* ZXThemeDefind */ = {
			isa = PBXGroup;
			children = (
				F0B0E18F24628C2300E2FFC5 /* ZXThemeDefind.h */,
			);
			path = ZXThemeDefind;
			sourceTree = "<group>";
		};
		F0B0E19024628C2300E2FFC5 /* ZXThemeRuntime */ = {
			isa = PBXGroup;
			children = (
				F0B0E19124628C2300E2FFC5 /* ZXThemeRuntime.h */,
				F0B0E19224628C2300E2FFC5 /* ZXThemeRuntime.m */,
			);
			path = ZXThemeRuntime;
			sourceTree = "<group>";
		};
		F0B0E19324628C2300E2FFC5 /* ZXThemeCustomTool */ = {
			isa = PBXGroup;
			children = (
				F0B0E19424628C2300E2FFC5 /* ZXThemeCustomTool.h */,
				F0B0E19524628C2300E2FFC5 /* NSObject+ZXCustomTheme.h */,
				F0B0E19624628C2300E2FFC5 /* ZXThemeCustomTool.m */,
				F0B0E19724628C2300E2FFC5 /* NSObject+ZXCustomTheme.m */,
			);
			path = ZXThemeCustomTool;
			sourceTree = "<group>";
		};
		F0B0E19824628C2300E2FFC5 /* Tool */ = {
			isa = PBXGroup;
			children = (
				F0D8DC442465519100999AA9 /* Singleton */,
				F0B0E19924628C2300E2FFC5 /* Category */,
				F0B0E1A124628C2300E2FFC5 /* Network */,
				F0B0E1A024628C2300E2FFC5 /* CommonUtils.h */,
				F0B0E1A724628C2300E2FFC5 /* CommonUtils.m */,
				F0B0E1A824628C2300E2FFC5 /* XZQBaseDefinition.h */,
			);
			path = Tool;
			sourceTree = "<group>";
		};
		F0B0E19924628C2300E2FFC5 /* Category */ = {
			isa = PBXGroup;
			children = (
				F0B0E19D24628C2300E2FFC5 /* UIViewController+HideBackItemText.h */,
				F0B0E19A24628C2300E2FFC5 /* UIViewController+HideBackItemText.m */,
				F0B0E19B24628C2300E2FFC5 /* UITableView+XZQReload.h */,
				F0B0E19E24628C2300E2FFC5 /* UITableView+XZQReload.m */,
				F0B0E19C24628C2300E2FFC5 /* NSError+XZQError.h */,
				F0B0E19F24628C2300E2FFC5 /* NSError+XZQError.m */,
				F0B0E1EA2462A59700E2FFC5 /* UIColor+Expanded.h */,
				F0B0E1EB2462A59700E2FFC5 /* UIColor+Expanded.m */,
				F0B00FD42464161600C15D3D /* UIImage+Expanded.h */,
				F0B00FD52464161600C15D3D /* UIImage+Expanded.m */,
			);
			path = Category;
			sourceTree = "<group>";
		};
		F0B0E1A124628C2300E2FFC5 /* Network */ = {
			isa = PBXGroup;
			children = (
				F0B0E1A524628C2300E2FFC5 /* XZQErrorView.h */,
				F0B0E1A224628C2300E2FFC5 /* XZQErrorView.m */,
				F0B0E1A424628C2300E2FFC5 /* NetworkTool.h */,
				F0B0E1A324628C2300E2FFC5 /* NetworkTool.m */,
				F0B0E1A624628C2300E2FFC5 /* UrlDefinition.h */,
			);
			path = Network;
			sourceTree = "<group>";
		};
		F0B0E1DE246299A000E2FFC5 /* Recommend */ = {
			isa = PBXGroup;
			children = (
				F0B0E1DF246299BB00E2FFC5 /* Model */,
				F0B0E1E62462A29D00E2FFC5 /* View */,
				F0B0E1F32462AF1200E2FFC5 /* Controller */,
			);
			path = Recommend;
			sourceTree = "<group>";
		};
		F0B0E1DF246299BB00E2FFC5 /* Model */ = {
			isa = PBXGroup;
			children = (
				F0B0E1E0246299F200E2FFC5 /* TopBannerModel.h */,
				F0B0E1E1246299F200E2FFC5 /* TopBannerModel.m */,
				F0B0E1E324629DA200E2FFC5 /* DiscListModel.h */,
				F0B0E1E424629DA200E2FFC5 /* DiscListModel.m */,
			);
			path = Model;
			sourceTree = "<group>";
		};
		F0B0E1E62462A29D00E2FFC5 /* View */ = {
			isa = PBXGroup;
			children = (
				F0C81CBC2463DBF400244FBD /* Cell */,
				F0B0E1E72462A30500E2FFC5 /* SwitchHeaderView.h */,
				F0B0E1E82462A30500E2FFC5 /* SwitchHeaderView.m */,
				F0C81CBD2463E3E700244FBD /* RecommendHeaderView.h */,
				F0C81CBE2463E3E700244FBD /* RecommendHeaderView.m */,
			);
			path = View;
			sourceTree = "<group>";
		};
		F0B0E1ED2462AE6C00E2FFC5 /* Singer */ = {
			isa = PBXGroup;
			children = (
				F0B00FD0246413FA00C15D3D /* Model */,
				F0B00FCF246413F400C15D3D /* View */,
				F0B0E1F22462AF0A00E2FFC5 /* Controller */,
			);
			path = Singer;
			sourceTree = "<group>";
		};
		F0B0E1EE2462AE7B00E2FFC5 /* Rank */ = {
			isa = PBXGroup;
			children = (
				F0C81CC42464006F00244FBD /* Model */,
				F0C81CC32464006900244FBD /* View */,
				F0B0E1F12462AF0400E2FFC5 /* Controller */,
			);
			path = Rank;
			sourceTree = "<group>";
		};
		F0B0E1EF2462AE8800E2FFC5 /* Search */ = {
			isa = PBXGroup;
			children = (
				F0D8DC482465596500999AA9 /* Model */,
				F0D20FEC24668E9800F22A52 /* View */,
				F0B0E1F02462AEF800E2FFC5 /* Controller */,
			);
			path = Search;
			sourceTree = "<group>";
		};
		F0B0E1F02462AEF800E2FFC5 /* Controller */ = {
			isa = PBXGroup;
			children = (
				F0B0E1FD2462B03100E2FFC5 /* SearchController.h */,
				F0B0E1FE2462B03100E2FFC5 /* SearchController.m */,
			);
			path = Controller;
			sourceTree = "<group>";
		};
		F0B0E1F12462AF0400E2FFC5 /* Controller */ = {
			isa = PBXGroup;
			children = (
				F0B0E1FA2462B01C00E2FFC5 /* RankController.h */,
				F0B0E1FB2462B01C00E2FFC5 /* RankController.m */,
			);
			path = Controller;
			sourceTree = "<group>";
		};
		F0B0E1F22462AF0A00E2FFC5 /* Controller */ = {
			isa = PBXGroup;
			children = (
				F0B0E1F72462B00300E2FFC5 /* SingerController.h */,
				F0B0E1F82462B00300E2FFC5 /* SingerController.m */,
			);
			path = Controller;
			sourceTree = "<group>";
		};
		F0B0E1F32462AF1200E2FFC5 /* Controller */ = {
			isa = PBXGroup;
			children = (
				F0B0E1F42462AF2600E2FFC5 /* RecommendController.h */,
				F0B0E1F52462AF2600E2FFC5 /* RecommendController.m */,
			);
			path = Controller;
			sourceTree = "<group>";
		};
		F0C81CBC2463DBF400244FBD /* Cell */ = {
			isa = PBXGroup;
			children = (
				F0C81CC02463F48E00244FBD /* RecommendListCell.h */,
				F0C81CC12463F48E00244FBD /* RecommendListCell.m */,
			);
			path = Cell;
			sourceTree = "<group>";
		};
		F0C81CC32464006900244FBD /* View */ = {
			isa = PBXGroup;
			children = (
				F0D8DC3D246527C400999AA9 /* Cell */,
			);
			path = View;
			sourceTree = "<group>";
		};
		F0C81CC42464006F00244FBD /* Model */ = {
			isa = PBXGroup;
			children = (
				F0C81CC52464008100244FBD /* RankListModel.h */,
				F0C81CC62464008100244FBD /* RankListModel.m */,
			);
			path = Model;
			sourceTree = "<group>";
		};
		F0D20FEC24668E9800F22A52 /* View */ = {
			isa = PBXGroup;
			children = (
				F0D8DC4C2465689800999AA9 /* HotSearchTag */,
				F0D20FED24668EA200F22A52 /* Cell */,
			);
			path = View;
			sourceTree = "<group>";
		};
		F0D20FED24668EA200F22A52 /* Cell */ = {
			isa = PBXGroup;
			children = (
				F0D20FEE246697CE00F22A52 /* HistorySearchCell.h */,
				F0D20FEF246697CE00F22A52 /* HistorySearchCell.m */,
				F0CDAA21246926300043EB31 /* SearchResultCell.h */,
				F0CDAA22246926300043EB31 /* SearchResultCell.m */,
			);
			path = Cell;
			sourceTree = "<group>";
		};
		F0D8DC3C246527AE00999AA9 /* Cell */ = {
			isa = PBXGroup;
			children = (
				F0B00FD7246416D400C15D3D /* SingerListCell.h */,
				F0B00FD8246416D400C15D3D /* SingerListCell.m */,
			);
			path = Cell;
			sourceTree = "<group>";
		};
		F0D8DC3D246527C400999AA9 /* Cell */ = {
			isa = PBXGroup;
			children = (
				F0C81CC8246404D900244FBD /* RankListCell.h */,
				F0C81CC9246404D900244FBD /* RankListCell.m */,
			);
			path = Cell;
			sourceTree = "<group>";
		};
		F0D8DC442465519100999AA9 /* Singleton */ = {
			isa = PBXGroup;
			children = (
				F0D8DC45246551B700999AA9 /* XZQSingleton.h */,
				F0D8DC46246551B700999AA9 /* XZQSingleton.m */,
			);
			path = Singleton;
			sourceTree = "<group>";
		};
		F0D8DC482465596500999AA9 /* Model */ = {
			isa = PBXGroup;
			children = (
				F0CDAA24246942470043EB31 /* QQMusicModel.h */,
				F0CDAA25246942470043EB31 /* QQMusicModel.m */,
				F0D8DC4924655D9E00999AA9 /* HotSearchModel.h */,
				F0D8DC4A24655D9E00999AA9 /* HotSearchModel.m */,
			);
			path = Model;
			sourceTree = "<group>";
		};
		F0D8DC4C2465689800999AA9 /* HotSearchTag */ = {
			isa = PBXGroup;
			children = (
				F0D8DC4E246568D400999AA9 /* XZQHotTag.h */,
				F0D8DC4F246568D400999AA9 /* XZQHotTag.m */,
				F0D8DC5124656AAB00999AA9 /* XZQHotTagView.h */,
				F0D8DC5224656AAB00999AA9 /* XZQHotTagView.m */,
				F0D8DC5424656D1600999AA9 /* XZQHotTagButton.h */,
				F0D8DC5524656D1600999AA9 /* XZQHotTagButton.m */,
			);
			path = HotSearchTag;
			sourceTree = "<group>";
		};
/* End PBXGroup section */

/* Begin PBXNativeTarget section */
		F0B0E1082462878000E2FFC5 /* XZQMusic */ = {
			isa = PBXNativeTarget;
			buildConfigurationList = F0B0E1222462878B00E2FFC5 /* Build configuration list for PBXNativeTarget "XZQMusic" */;
			buildPhases = (
				6FACC00BA347EA5EB754754C /* [CP] Check Pods Manifest.lock */,
				F0B0E1052462878000E2FFC5 /* Sources */,
				F0B0E1062462878000E2FFC5 /* Frameworks */,
				F0B0E1072462878000E2FFC5 /* Resources */,
				CD9E972875C139DB2735D3D8 /* [CP] Copy Pods Resources */,
			);
			buildRules = (
			);
			dependencies = (
			);
			name = XZQMusic;
			productName = XZQMusic;
			productReference = F0B0E1092462878000E2FFC5 /* XZQ音乐.app */;
			productType = "com.apple.product-type.application";
		};
/* End PBXNativeTarget section */

/* Begin PBXProject section */
		F0B0E1012462878000E2FFC5 /* Project object */ = {
			isa = PBXProject;
			attributes = {
				LastUpgradeCheck = 1130;
				ORGANIZATIONNAME = Xuzq;
				TargetAttributes = {
					F0B0E1082462878000E2FFC5 = {
						CreatedOnToolsVersion = 11.3.1;
					};
				};
			};
			buildConfigurationList = F0B0E1042462878000E2FFC5 /* Build configuration list for PBXProject "XZQMusic" */;
			compatibilityVersion = "Xcode 9.3";
			developmentRegion = en;
			hasScannedForEncodings = 0;
			knownRegions = (
				en,
				Base,
			);
			mainGroup = F0B0E1002462878000E2FFC5;
			productRefGroup = F0B0E10A2462878000E2FFC5 /* Products */;
			projectDirPath = "";
			projectRoot = "";
			targets = (
				F0B0E1082462878000E2FFC5 /* XZQMusic */,
			);
		};
/* End PBXProject section */

/* Begin PBXResourcesBuildPhase section */
		F0B0E1072462878000E2FFC5 /* Resources */ = {
			isa = PBXResourcesBuildPhase;
			buildActionMask = 2147483647;
			files = (
				F0B0E11C2462878B00E2FFC5 /* LaunchScreen.storyboard in Resources */,
				F0B0E1192462878B00E2FFC5 /* Assets.xcassets in Resources */,
				F0B0E1DD246294CF00E2FFC5 /* README.md in Resources */,
				F0B0E1172462878000E2FFC5 /* Main.storyboard in Resources */,
			);
			runOnlyForDeploymentPostprocessing = 0;
		};
/* End PBXResourcesBuildPhase section */

/* Begin PBXShellScriptBuildPhase section */
		6FACC00BA347EA5EB754754C /* [CP] Check Pods Manifest.lock */ = {
			isa = PBXShellScriptBuildPhase;
			buildActionMask = 2147483647;
			files = (
			);
			inputFileListPaths = (
			);
			inputPaths = (
				"${PODS_PODFILE_DIR_PATH}/Podfile.lock",
				"${PODS_ROOT}/Manifest.lock",
			);
			name = "[CP] Check Pods Manifest.lock";
			outputFileListPaths = (
			);
			outputPaths = (
				"$(DERIVED_FILE_DIR)/Pods-XZQMusic-checkManifestLockResult.txt",
			);
			runOnlyForDeploymentPostprocessing = 0;
			shellPath = /bin/sh;
			shellScript = "diff \"${PODS_PODFILE_DIR_PATH}/Podfile.lock\" \"${PODS_ROOT}/Manifest.lock\" > /dev/null\nif [ $? != 0 ] ; then\n    # print error to STDERR\n    echo \"error: The sandbox is not in sync with the Podfile.lock. Run 'pod install' or update your CocoaPods installation.\" >&2\n    exit 1\nfi\n# This output is used by Xcode 'outputs' to avoid re-running this script phase.\necho \"SUCCESS\" > \"${SCRIPT_OUTPUT_FILE_0}\"\n";
			showEnvVarsInLog = 0;
		};
		CD9E972875C139DB2735D3D8 /* [CP] Copy Pods Resources */ = {
			isa = PBXShellScriptBuildPhase;
			buildActionMask = 2147483647;
			files = (
			);
			inputFileListPaths = (
				"${PODS_ROOT}/Target Support Files/Pods-XZQMusic/Pods-XZQMusic-resources-${CONFIGURATION}-input-files.xcfilelist",
			);
			name = "[CP] Copy Pods Resources";
			outputFileListPaths = (
				"${PODS_ROOT}/Target Support Files/Pods-XZQMusic/Pods-XZQMusic-resources-${CONFIGURATION}-output-files.xcfilelist",
			);
			runOnlyForDeploymentPostprocessing = 0;
			shellPath = /bin/sh;
			shellScript = "\"${PODS_ROOT}/Target Support Files/Pods-XZQMusic/Pods-XZQMusic-resources.sh\"\n";
			showEnvVarsInLog = 0;
		};
/* End PBXShellScriptBuildPhase section */

/* Begin PBXSourcesBuildPhase section */
		F0B0E1052462878000E2FFC5 /* Sources */ = {
			isa = PBXSourcesBuildPhase;
			buildActionMask = 2147483647;
			files = (
				F0B0E1D324628C2300E2FFC5 /* NSObject+ZXCustomTheme.m in Sources */,
				F0B0E1D224628C2300E2FFC5 /* ZXThemeCustomTool.m in Sources */,
				F0B0E1BF24628C2300E2FFC5 /* ZXCollectionViewTheme.m in Sources */,
				F0C81CC72464008100244FBD /* RankListModel.m in Sources */,
				F0B0E1CE24628C2300E2FFC5 /* UITextField+ZXTheme.m in Sources */,
				F0CDAA26246942470043EB31 /* QQMusicModel.m in Sources */,
				F0D8DC4B24655D9E00999AA9 /* HotSearchModel.m in Sources */,
				F0B0E1D824628C2300E2FFC5 /* NetworkTool.m in Sources */,
				F0D8DC5624656D1600999AA9 /* XZQHotTagButton.m in Sources */,
				F0B0E1FF2462B03100E2FFC5 /* SearchController.m in Sources */,
				F0B0E1BA24628C2300E2FFC5 /* ZXTabBarItemTheme.m in Sources */,
				F0B0E1AA24628C2300E2FFC5 /* ZXPageControlTheme.m in Sources */,
				F0B0E1142462878000E2FFC5 /* ViewController.m in Sources */,
				F0B0E1E524629DA200E2FFC5 /* DiscListModel.m in Sources */,
				F0D8DC40246527F400999AA9 /* XZQIndexView.m in Sources */,
				F0B0E1C324628C2300E2FFC5 /* UIImageView+ZXTheme.m in Sources */,
				F0B0E1E2246299F200E2FFC5 /* TopBannerModel.m in Sources */,
				F0D8DC47246551B700999AA9 /* XZQSingleton.m in Sources */,
				F0B0E1D124628C2300E2FFC5 /* ZXThemeRuntime.m in Sources */,
				F0B0E1B624628C2300E2FFC5 /* ZXSegmentedControlTheme.m in Sources */,
				F0B0E1B224628C2300E2FFC5 /* ZXLabelTheme.m in Sources */,
				F0B0E1CD24628C2300E2FFC5 /* ZXSliderTheme.m in Sources */,
				F0B0E1EC2462A59700E2FFC5 /* UIColor+Expanded.m in Sources */,
				F0B0E1C424628C2300E2FFC5 /* UINavigationBar+ZXTheme.m in Sources */,
				F0B0E1C024628C2300E2FFC5 /* UIBarButtonItem+ZXTheme.m in Sources */,
				F0B0E1B724628C2300E2FFC5 /* UISegmentedControl+ZXTheme.m in Sources */,
				F0B0E1BE24628C2300E2FFC5 /* UICollectionView+ZXTheme.m in Sources */,
				F0B0E1AB24628C2300E2FFC5 /* UIPageControl+ZXTheme.m in Sources */,
				F0B0E10E2462878000E2FFC5 /* AppDelegate.m in Sources */,
				F0B0E11F2462878B00E2FFC5 /* main.m in Sources */,
				F0B0E1CB24628C2300E2FFC5 /* ZXTabBarTheme.m in Sources */,
				F0B0E1D624628C2300E2FFC5 /* NSError+XZQError.m in Sources */,
				F0D8DC4324652BF800999AA9 /* XZQSectionIndicatorView.m in Sources */,
				F0C81CBF2463E3E700244FBD /* RecommendHeaderView.m in Sources */,
				F0B0E1B824628C2300E2FFC5 /* UIView+ZXTheme.m in Sources */,
				F0B0E1BB24628C2300E2FFC5 /* UITabBarItem+ZXTheme.m in Sources */,
				F0B0E1C924628C2300E2FFC5 /* UIProgressView+ZXTheme.m in Sources */,
				F0B0E1B524628C2300E2FFC5 /* UIButton+ZXTheme.m in Sources */,
				F0B0E1BD24628C2300E2FFC5 /* UITextView+ZXTheme.m in Sources */,
				F0B0E1C124628C2300E2FFC5 /* ZXBarButtonItemTheme.m in Sources */,
				F0C81CCA246404D900244FBD /* RankListCell.m in Sources */,
				F0B00FD32464140D00C15D3D /* SingerListModel.m in Sources */,
				F0C81CC22463F48E00244FBD /* RecommendListCell.m in Sources */,
				F0B0E1D024628C2300E2FFC5 /* ZXThemeTool.m in Sources */,
				F0B00FD62464161600C15D3D /* UIImage+Expanded.m in Sources */,
				F0B0E1C724628C2300E2FFC5 /* ZXTableViewTheme.m in Sources */,
				F0B0E1D524628C2300E2FFC5 /* UITableView+XZQReload.m in Sources */,
				F0B0E1CC24628C2300E2FFC5 /* UISlider+ZXTheme.m in Sources */,
				F0B0E1D424628C2300E2FFC5 /* UIViewController+HideBackItemText.m in Sources */,
				F0B0E1AE24628C2300E2FFC5 /* UIActivityIndicatorView+ZXTheme.m in Sources */,
				F0B0E1B124628C2300E2FFC5 /* ZXStepperTheme.m in Sources */,
				F0B0E1C624628C2300E2FFC5 /* UITableView+ZXTheme.m in Sources */,
				F0B0E1B324628C2300E2FFC5 /* UILabel+ZXTheme.m in Sources */,
				F0B0E1C224628C2300E2FFC5 /* ZXImageViewTheme.m in Sources */,
				F0B0E1C824628C2300E2FFC5 /* ZXProgressViewTheme.m in Sources */,
				F0B0E1AC24628C2300E2FFC5 /* UISwitch+ZXTheme.m in Sources */,
				F0B0E1112462878000E2FFC5 /* SceneDelegate.m in Sources */,
				F0D8DC50246568D400999AA9 /* XZQHotTag.m in Sources */,
				F0B0E1BC24628C2300E2FFC5 /* ZXTextViewTheme.m in Sources */,
				F0B0E1B424628C2300E2FFC5 /* ZXButtonTheme.m in Sources */,
				F0B0E1CF24628C2300E2FFC5 /* ZXTextFieldTheme.m in Sources */,
				F0B0E1CA24628C2300E2FFC5 /* ZXTheme.m in Sources */,
				F0B0E1D924628C2300E2FFC5 /* CommonUtils.m in Sources */,
				F0B0E1C524628C2300E2FFC5 /* ZXNavigationBarTheme.m in Sources */,
				F0B0E1A924628C2300E2FFC5 /* UIImage+ZXTheme.m in Sources */,
				F0B0E1FC2462B01C00E2FFC5 /* RankController.m in Sources */,
				F0B0E1D724628C2300E2FFC5 /* XZQErrorView.m in Sources */,
				F0B0E1F92462B00300E2FFC5 /* SingerController.m in Sources */,
				F0B0E1F62462AF2600E2FFC5 /* RecommendController.m in Sources */,
				F0D8DC5324656AAB00999AA9 /* XZQHotTagView.m in Sources */,
				F0B0E1E92462A30500E2FFC5 /* SwitchHeaderView.m in Sources */,
				F0D20FF0246697CE00F22A52 /* HistorySearchCell.m in Sources */,
				F0B00FD9246416D400C15D3D /* SingerListCell.m in Sources */,
				F0B0E1B924628C2300E2FFC5 /* ZXViewTheme.m in Sources */,
				F0B0E1AF24628C2300E2FFC5 /* ZXActivityIndicatorViewTheme.m in Sources */,
				F0B0E1AD24628C2300E2FFC5 /* ZXSwitchTheme.m in Sources */,
				F0CDAA23246926300043EB31 /* SearchResultCell.m in Sources */,
				F0B0E1B024628C2300E2FFC5 /* UIStepper+ZXTheme.m in Sources */,
			);
			runOnlyForDeploymentPostprocessing = 0;
		};
/* End PBXSourcesBuildPhase section */

/* Begin PBXVariantGroup section */
		F0B0E1152462878000E2FFC5 /* Main.storyboard */ = {
			isa = PBXVariantGroup;
			children = (
				F0B0E1162462878000E2FFC5 /* Base */,
			);
			name = Main.storyboard;
			sourceTree = "<group>";
		};
		F0B0E11A2462878B00E2FFC5 /* LaunchScreen.storyboard */ = {
			isa = PBXVariantGroup;
			children = (
				F0B0E11B2462878B00E2FFC5 /* Base */,
			);
			name = LaunchScreen.storyboard;
			sourceTree = "<group>";
		};
/* End PBXVariantGroup section */

/* Begin XCBuildConfiguration section */
		F0B0E1202462878B00E2FFC5 /* Debug */ = {
			isa = XCBuildConfiguration;
			buildSettings = {
				ALWAYS_SEARCH_USER_PATHS = NO;
				CLANG_ANALYZER_NONNULL = YES;
				CLANG_ANALYZER_NUMBER_OBJECT_CONVERSION = YES_AGGRESSIVE;
				CLANG_CXX_LANGUAGE_STANDARD = "gnu++14";
				CLANG_CXX_LIBRARY = "libc++";
				CLANG_ENABLE_MODULES = YES;
				CLANG_ENABLE_OBJC_ARC = YES;
				CLANG_ENABLE_OBJC_WEAK = YES;
				CLANG_WARN_BLOCK_CAPTURE_AUTORELEASING = YES;
				CLANG_WARN_BOOL_CONVERSION = YES;
				CLANG_WARN_COMMA = YES;
				CLANG_WARN_CONSTANT_CONVERSION = YES;
				CLANG_WARN_DEPRECATED_OBJC_IMPLEMENTATIONS = YES;
				CLANG_WARN_DIRECT_OBJC_ISA_USAGE = YES_ERROR;
				CLANG_WARN_DOCUMENTATION_COMMENTS = YES;
				CLANG_WARN_EMPTY_BODY = YES;
				CLANG_WARN_ENUM_CONVERSION = YES;
				CLANG_WARN_INFINITE_RECURSION = YES;
				CLANG_WARN_INT_CONVERSION = YES;
				CLANG_WARN_NON_LITERAL_NULL_CONVERSION = YES;
				CLANG_WARN_OBJC_IMPLICIT_RETAIN_SELF = YES;
				CLANG_WARN_OBJC_LITERAL_CONVERSION = YES;
				CLANG_WARN_OBJC_ROOT_CLASS = YES_ERROR;
				CLANG_WARN_RANGE_LOOP_ANALYSIS = YES;
				CLANG_WARN_STRICT_PROTOTYPES = YES;
				CLANG_WARN_SUSPICIOUS_MOVE = YES;
				CLANG_WARN_UNGUARDED_AVAILABILITY = YES_AGGRESSIVE;
				CLANG_WARN_UNREACHABLE_CODE = YES;
				CLANG_WARN__DUPLICATE_METHOD_MATCH = YES;
				COPY_PHASE_STRIP = NO;
				DEBUG_INFORMATION_FORMAT = dwarf;
				ENABLE_STRICT_OBJC_MSGSEND = YES;
				ENABLE_TESTABILITY = YES;
				GCC_C_LANGUAGE_STANDARD = gnu11;
				GCC_DYNAMIC_NO_PIC = NO;
				GCC_NO_COMMON_BLOCKS = YES;
				GCC_OPTIMIZATION_LEVEL = 0;
				GCC_PREPROCESSOR_DEFINITIONS = (
					"DEBUG=1",
					"$(inherited)",
				);
				GCC_WARN_64_TO_32_BIT_CONVERSION = YES;
				GCC_WARN_ABOUT_RETURN_TYPE = YES_ERROR;
				GCC_WARN_UNDECLARED_SELECTOR = YES;
				GCC_WARN_UNINITIALIZED_AUTOS = YES_AGGRESSIVE;
				GCC_WARN_UNUSED_FUNCTION = YES;
				GCC_WARN_UNUSED_VARIABLE = YES;
				IPHONEOS_DEPLOYMENT_TARGET = 10.0;
				MTL_ENABLE_DEBUG_INFO = INCLUDE_SOURCE;
				MTL_FAST_MATH = YES;
				ONLY_ACTIVE_ARCH = YES;
				SDKROOT = iphoneos;
			};
			name = Debug;
		};
		F0B0E1212462878B00E2FFC5 /* Release */ = {
			isa = XCBuildConfiguration;
			buildSettings = {
				ALWAYS_SEARCH_USER_PATHS = NO;
				CLANG_ANALYZER_NONNULL = YES;
				CLANG_ANALYZER_NUMBER_OBJECT_CONVERSION = YES_AGGRESSIVE;
				CLANG_CXX_LANGUAGE_STANDARD = "gnu++14";
				CLANG_CXX_LIBRARY = "libc++";
				CLANG_ENABLE_MODULES = YES;
				CLANG_ENABLE_OBJC_ARC = YES;
				CLANG_ENABLE_OBJC_WEAK = YES;
				CLANG_WARN_BLOCK_CAPTURE_AUTORELEASING = YES;
				CLANG_WARN_BOOL_CONVERSION = YES;
				CLANG_WARN_COMMA = YES;
				CLANG_WARN_CONSTANT_CONVERSION = YES;
				CLANG_WARN_DEPRECATED_OBJC_IMPLEMENTATIONS = YES;
				CLANG_WARN_DIRECT_OBJC_ISA_USAGE = YES_ERROR;
				CLANG_WARN_DOCUMENTATION_COMMENTS = YES;
				CLANG_WARN_EMPTY_BODY = YES;
				CLANG_WARN_ENUM_CONVERSION = YES;
				CLANG_WARN_INFINITE_RECURSION = YES;
				CLANG_WARN_INT_CONVERSION = YES;
				CLANG_WARN_NON_LITERAL_NULL_CONVERSION = YES;
				CLANG_WARN_OBJC_IMPLICIT_RETAIN_SELF = YES;
				CLANG_WARN_OBJC_LITERAL_CONVERSION = YES;
				CLANG_WARN_OBJC_ROOT_CLASS = YES_ERROR;
				CLANG_WARN_RANGE_LOOP_ANALYSIS = YES;
				CLANG_WARN_STRICT_PROTOTYPES = YES;
				CLANG_WARN_SUSPICIOUS_MOVE = YES;
				CLANG_WARN_UNGUARDED_AVAILABILITY = YES_AGGRESSIVE;
				CLANG_WARN_UNREACHABLE_CODE = YES;
				CLANG_WARN__DUPLICATE_METHOD_MATCH = YES;
				COPY_PHASE_STRIP = NO;
				DEBUG_INFORMATION_FORMAT = "dwarf-with-dsym";
				ENABLE_NS_ASSERTIONS = NO;
				ENABLE_STRICT_OBJC_MSGSEND = YES;
				GCC_C_LANGUAGE_STANDARD = gnu11;
				GCC_NO_COMMON_BLOCKS = YES;
				GCC_WARN_64_TO_32_BIT_CONVERSION = YES;
				GCC_WARN_ABOUT_RETURN_TYPE = YES_ERROR;
				GCC_WARN_UNDECLARED_SELECTOR = YES;
				GCC_WARN_UNINITIALIZED_AUTOS = YES_AGGRESSIVE;
				GCC_WARN_UNUSED_FUNCTION = YES;
				GCC_WARN_UNUSED_VARIABLE = YES;
				IPHONEOS_DEPLOYMENT_TARGET = 10.0;
				MTL_ENABLE_DEBUG_INFO = NO;
				MTL_FAST_MATH = YES;
				SDKROOT = iphoneos;
				VALIDATE_PRODUCT = YES;
			};
			name = Release;
		};
		F0B0E1232462878B00E2FFC5 /* Debug */ = {
			isa = XCBuildConfiguration;
			baseConfigurationReference = 0831805EC99AC6D2FC626227 /* Pods-XZQMusic.debug.xcconfig */;
			buildSettings = {
				ASSETCATALOG_COMPILER_APPICON_NAME = AppIcon;
				CODE_SIGN_STYLE = Automatic;
				DEVELOPMENT_TEAM = QX8283AUA8;
				GCC_PRECOMPILE_PREFIX_HEADER = YES;
				GCC_PREFIX_HEADER = XZQMusic/XZQ_Prefix.pch;
				INFOPLIST_FILE = XZQMusic/Info.plist;
				IPHONEOS_DEPLOYMENT_TARGET = 10.0;
				LD_RUNPATH_SEARCH_PATHS = (
					"$(inherited)",
					"@executable_path/Frameworks",
				);
				PRODUCT_BUNDLE_IDENTIFIER = com.xzq.app.XZQMusic;
				PRODUCT_NAME = "XZQ音乐";
				TARGETED_DEVICE_FAMILY = "1,2";
			};
			name = Debug;
		};
		F0B0E1242462878B00E2FFC5 /* Release */ = {
			isa = XCBuildConfiguration;
			baseConfigurationReference = 1819C1ED2214849D91B506EE /* Pods-XZQMusic.release.xcconfig */;
			buildSettings = {
				ASSETCATALOG_COMPILER_APPICON_NAME = AppIcon;
				CODE_SIGN_STYLE = Automatic;
				DEVELOPMENT_TEAM = QX8283AUA8;
				GCC_PRECOMPILE_PREFIX_HEADER = YES;
				GCC_PREFIX_HEADER = XZQMusic/XZQ_Prefix.pch;
				INFOPLIST_FILE = XZQMusic/Info.plist;
				IPHONEOS_DEPLOYMENT_TARGET = 10.0;
				LD_RUNPATH_SEARCH_PATHS = (
					"$(inherited)",
					"@executable_path/Frameworks",
				);
				PRODUCT_BUNDLE_IDENTIFIER = com.xzq.app.XZQMusic;
				PRODUCT_NAME = "XZQ音乐";
				TARGETED_DEVICE_FAMILY = "1,2";
			};
			name = Release;
		};
/* End XCBuildConfiguration section */

/* Begin XCConfigurationList section */
		F0B0E1042462878000E2FFC5 /* Build configuration list for PBXProject "XZQMusic" */ = {
			isa = XCConfigurationList;
			buildConfigurations = (
				F0B0E1202462878B00E2FFC5 /* Debug */,
				F0B0E1212462878B00E2FFC5 /* Release */,
			);
			defaultConfigurationIsVisible = 0;
			defaultConfigurationName = Release;
		};
		F0B0E1222462878B00E2FFC5 /* Build configuration list for PBXNativeTarget "XZQMusic" */ = {
			isa = XCConfigurationList;
			buildConfigurations = (
				F0B0E1232462878B00E2FFC5 /* Debug */,
				F0B0E1242462878B00E2FFC5 /* Release */,
			);
			defaultConfigurationIsVisible = 0;
			defaultConfigurationName = Release;
		};
/* End XCConfigurationList section */
	};
	rootObject = F0B0E1012462878000E2FFC5 /* Project object */;
}
